PODS:
  - Alamofire (4.9.1)
  - SDWebImage (5.12.1):
    - SDWebImage/Core (= 5.12.1)
  - SDWebImage/Core (5.12.1)
  - SwiftyJSON (5.0.1)

DEPENDENCIES:
  - Alamofire (~> 4.9.1)
  - SDWebImage (~> 5.0)
  - SwiftyJSON

SPEC REPOS:
  trunk:
    - Alamofire
    - SDWebImage
    - SwiftyJSON

SPEC CHECKSUMS:
  Alamofire: 85e8a02c69d6020a0d734f6054870d7ecb75cf18
  SDWebImage: 4dc3e42d9ec0c1028b960a33ac6b637bb432207b
  SwiftyJSON: 2f33a42c6fbc52764d96f13368585094bfd8aa5e

PODFILE CHECKSUM: aeab28806259554139d88d56f123a75cdf8ea99d

COCOAPODS: 1.11.2
