// !$*UTF8*$!
{
	archiveVersion = 1;
	classes = {
	};
	objectVersion = 55;
	objects = {

/* Begin PBXBuildFile section */
		2C4022922765E17500149B5D /* UITextField.swift in Sources */ = {isa = PBXBuildFile; fileRef = 2C4022912765E17500149B5D /* UITextField.swift */; };
		2C68A3BF275F5E71002B8997 /* ProfileHeader.xib in Resources */ = {isa = PBXBuildFile; fileRef = 2C68A3BE275F5E71002B8997 /* ProfileHeader.xib */; };
		2C68A3C1275F623D002B8997 /* ProfileHeader.swift in Sources */ = {isa = PBXBuildFile; fileRef = 2C68A3C0275F623D002B8997 /* ProfileHeader.swift */; };
		2C68A3C3275F73C9002B8997 /* ProfileCard.xib in Resources */ = {isa = PBXBuildFile; fileRef = 2C68A3C2275F73C9002B8997 /* ProfileCard.xib */; };
		2C68A3C5275F79B2002B8997 /* ProfileCard.swift in Sources */ = {isa = PBXBuildFile; fileRef = 2C68A3C4275F79B2002B8997 /* ProfileCard.swift */; };
		2C68A3C7275F7B37002B8997 /* ProfileCardRow.xib in Resources */ = {isa = PBXBuildFile; fileRef = 2C68A3C6275F7B37002B8997 /* ProfileCardRow.xib */; };
		2C68A3C9275F7C95002B8997 /* ProfileCardRow.swift in Sources */ = {isa = PBXBuildFile; fileRef = 2C68A3C8275F7C95002B8997 /* ProfileCardRow.swift */; };
		2C68A3CB275F7E10002B8997 /* ProfileViewController.swift in Sources */ = {isa = PBXBuildFile; fileRef = 2C68A3CA275F7E10002B8997 /* ProfileViewController.swift */; };
		2C68A3CD275F7E52002B8997 /* ProfileViewController.xib in Resources */ = {isa = PBXBuildFile; fileRef = 2C68A3CC275F7E52002B8997 /* ProfileViewController.xib */; };
		2C68A3CF275FF2AB002B8997 /* SignOutButton.xib in Resources */ = {isa = PBXBuildFile; fileRef = 2C68A3CE275FF2AA002B8997 /* SignOutButton.xib */; };
		2C68A3D1275FF3BF002B8997 /* SignOutButton.swift in Sources */ = {isa = PBXBuildFile; fileRef = 2C68A3D0275FF3BF002B8997 /* SignOutButton.swift */; };
		2C68A3E427612D96002B8997 /* Nunito-SemiBold.ttf in Resources */ = {isa = PBXBuildFile; fileRef = 2C68A3D427612D87002B8997 /* Nunito-SemiBold.ttf */; };
		2C68A3E527612D96002B8997 /* Nunito-ExtraLight.ttf in Resources */ = {isa = PBXBuildFile; fileRef = 2C68A3D527612D88002B8997 /* Nunito-ExtraLight.ttf */; };
		2C68A3E627612D96002B8997 /* Nunito-ExtraLightItalic.ttf in Resources */ = {isa = PBXBuildFile; fileRef = 2C68A3D627612D89002B8997 /* Nunito-ExtraLightItalic.ttf */; };
		2C68A3E727612D96002B8997 /* Nunito-Regular.ttf in Resources */ = {isa = PBXBuildFile; fileRef = 2C68A3D727612D8A002B8997 /* Nunito-Regular.ttf */; };
		2C68A3E827612D96002B8997 /* Nunito-ExtraBold.ttf in Resources */ = {isa = PBXBuildFile; fileRef = 2C68A3D827612D8B002B8997 /* Nunito-ExtraBold.ttf */; };
		2C68A3E927612D96002B8997 /* Nunito-Italic.ttf in Resources */ = {isa = PBXBuildFile; fileRef = 2C68A3D927612D8C002B8997 /* Nunito-Italic.ttf */; };
		2C68A3EA27612D96002B8997 /* Nunito-Bold.ttf in Resources */ = {isa = PBXBuildFile; fileRef = 2C68A3DA27612D8D002B8997 /* Nunito-Bold.ttf */; };
		2C68A3EB27612D96002B8997 /* Nunito-BoldItalic.ttf in Resources */ = {isa = PBXBuildFile; fileRef = 2C68A3DB27612D8E002B8997 /* Nunito-BoldItalic.ttf */; };
		2C68A3EC27612D96002B8997 /* Nunito-Medium.ttf in Resources */ = {isa = PBXBuildFile; fileRef = 2C68A3DC27612D8F002B8997 /* Nunito-Medium.ttf */; };
		2C68A3ED27612D96002B8997 /* Nunito-Black.ttf in Resources */ = {isa = PBXBuildFile; fileRef = 2C68A3DD27612D90002B8997 /* Nunito-Black.ttf */; };
		2C68A3EE27612D96002B8997 /* Nunito-MediumItalic.ttf in Resources */ = {isa = PBXBuildFile; fileRef = 2C68A3DE27612D91002B8997 /* Nunito-MediumItalic.ttf */; };
		2C68A3EF27612D96002B8997 /* Nunito-SemiBoldItalic.ttf in Resources */ = {isa = PBXBuildFile; fileRef = 2C68A3DF27612D92002B8997 /* Nunito-SemiBoldItalic.ttf */; };
		2C68A3F027612D96002B8997 /* Nunito-Light.ttf in Resources */ = {isa = PBXBuildFile; fileRef = 2C68A3E027612D93002B8997 /* Nunito-Light.ttf */; };
		2C68A3F127612D96002B8997 /* Nunito-ExtraBoldItalic.ttf in Resources */ = {isa = PBXBuildFile; fileRef = 2C68A3E127612D93002B8997 /* Nunito-ExtraBoldItalic.ttf */; };
		2C68A3F227612D96002B8997 /* Nunito-LightItalic.ttf in Resources */ = {isa = PBXBuildFile; fileRef = 2C68A3E227612D94002B8997 /* Nunito-LightItalic.ttf */; };
		2C68A3F327612D96002B8997 /* Nunito-BlackItalic.ttf in Resources */ = {isa = PBXBuildFile; fileRef = 2C68A3E327612D95002B8997 /* Nunito-BlackItalic.ttf */; };
		2C68A3FF27634D5F002B8997 /* SecuredTextField.xib in Resources */ = {isa = PBXBuildFile; fileRef = 2C68A3FE27634D5F002B8997 /* SecuredTextField.xib */; };
		2C68A40127634D94002B8997 /* LargeButton.xib in Resources */ = {isa = PBXBuildFile; fileRef = 2C68A40027634D94002B8997 /* LargeButton.xib */; };
		2C68A40327634E3C002B8997 /* SecuredTextField.swift in Sources */ = {isa = PBXBuildFile; fileRef = 2C68A40227634E3C002B8997 /* SecuredTextField.swift */; };
		2C68A40527634E45002B8997 /* LargeButton.swift in Sources */ = {isa = PBXBuildFile; fileRef = 2C68A40427634E45002B8997 /* LargeButton.swift */; };
		2C68A40827635000002B8997 /* ChangePasswordViewController.swift in Sources */ = {isa = PBXBuildFile; fileRef = 2C68A40627635000002B8997 /* ChangePasswordViewController.swift */; };
		2C68A40927635000002B8997 /* ChangePasswordViewController.xib in Resources */ = {isa = PBXBuildFile; fileRef = 2C68A40727635000002B8997 /* ChangePasswordViewController.xib */; };
		2CDE19B92765B68200D895B9 /* DetailHistoryViewController.swift in Sources */ = {isa = PBXBuildFile; fileRef = 2CDE19AF2765B67F00D895B9 /* DetailHistoryViewController.swift */; };
		2CDE19BA2765B68200D895B9 /* DetailHistoryViewController.xib in Resources */ = {isa = PBXBuildFile; fileRef = 2CDE19B02765B67F00D895B9 /* DetailHistoryViewController.xib */; };
		2CDE19BB2765B68200D895B9 /* DetailBookingHistoryViewModel.swift in Sources */ = {isa = PBXBuildFile; fileRef = 2CDE19B12765B67F00D895B9 /* DetailBookingHistoryViewModel.swift */; };
		2CDE19BC2765B68200D895B9 /* HistoryItemCell.swift in Sources */ = {isa = PBXBuildFile; fileRef = 2CDE19B42765B68100D895B9 /* HistoryItemCell.swift */; };
		2CDE19BD2765B68200D895B9 /* HistoryItemCell.xib in Resources */ = {isa = PBXBuildFile; fileRef = 2CDE19B52765B68100D895B9 /* HistoryItemCell.xib */; };
		2CDE19BE2765B68200D895B9 /* HistoryViewController.xib in Resources */ = {isa = PBXBuildFile; fileRef = 2CDE19B62765B68100D895B9 /* HistoryViewController.xib */; };
		2CDE19BF2765B68200D895B9 /* HistoryViewController.swift in Sources */ = {isa = PBXBuildFile; fileRef = 2CDE19B72765B68100D895B9 /* HistoryViewController.swift */; };
		2CDE19C02765B68200D895B9 /* HistoryBookingViewModel.swift in Sources */ = {isa = PBXBuildFile; fileRef = 2CDE19B82765B68100D895B9 /* HistoryBookingViewModel.swift */; };
		2CDE19C72765B69F00D895B9 /* RegisterViewController.xib in Resources */ = {isa = PBXBuildFile; fileRef = 2CDE19C22765B69D00D895B9 /* RegisterViewController.xib */; };
		2CDE19C82765B69F00D895B9 /* RegisterViewController.swift in Sources */ = {isa = PBXBuildFile; fileRef = 2CDE19C32765B69D00D895B9 /* RegisterViewController.swift */; };
		2CDE19C92765B69F00D895B9 /* LoginViewController.xib in Resources */ = {isa = PBXBuildFile; fileRef = 2CDE19C52765B69F00D895B9 /* LoginViewController.xib */; };
		2CDE19CA2765B69F00D895B9 /* LoginViewController.swift in Sources */ = {isa = PBXBuildFile; fileRef = 2CDE19C62765B69F00D895B9 /* LoginViewController.swift */; };
		2CDE19DB2765B6B400D895B9 /* ArticleAllListTableViewCell.swift in Sources */ = {isa = PBXBuildFile; fileRef = 2CDE19CE2765B6B400D895B9 /* ArticleAllListTableViewCell.swift */; };
		2CDE19DC2765B6B400D895B9 /* ArticleAllListCollectionViewCell.swift in Sources */ = {isa = PBXBuildFile; fileRef = 2CDE19CF2765B6B400D895B9 /* ArticleAllListCollectionViewCell.swift */; };
		2CDE19DD2765B6B400D895B9 /* ArticleAllListCollectionViewCell.xib in Resources */ = {isa = PBXBuildFile; fileRef = 2CDE19D02765B6B400D895B9 /* ArticleAllListCollectionViewCell.xib */; };
		2CDE19DE2765B6B400D895B9 /* ArticleAllListTableViewCell.xib in Resources */ = {isa = PBXBuildFile; fileRef = 2CDE19D12765B6B400D895B9 /* ArticleAllListTableViewCell.xib */; };
		2CDE19DF2765B6B400D895B9 /* ArticleAllListViewController.xib in Resources */ = {isa = PBXBuildFile; fileRef = 2CDE19D22765B6B400D895B9 /* ArticleAllListViewController.xib */; };
		2CDE19E02765B6B400D895B9 /* ArticleAllListViewController.swift in Sources */ = {isa = PBXBuildFile; fileRef = 2CDE19D32765B6B400D895B9 /* ArticleAllListViewController.swift */; };
		2CDE19E12765B6B400D895B9 /* ArticleListViewController.swift in Sources */ = {isa = PBXBuildFile; fileRef = 2CDE19D52765B6B400D895B9 /* ArticleListViewController.swift */; };
		2CDE19E22765B6B400D895B9 /* ArticleListViewController.xib in Resources */ = {isa = PBXBuildFile; fileRef = 2CDE19D62765B6B400D895B9 /* ArticleListViewController.xib */; };
		2CDE19E32765B6B400D895B9 /* ArticleListCell.xib in Resources */ = {isa = PBXBuildFile; fileRef = 2CDE19D82765B6B400D895B9 /* ArticleListCell.xib */; };
		2CDE19E42765B6B400D895B9 /* ArticleListCell.swift in Sources */ = {isa = PBXBuildFile; fileRef = 2CDE19D92765B6B400D895B9 /* ArticleListCell.swift */; };
		2CDE19E52765B6B400D895B9 /* ArticleViewModel.swift in Sources */ = {isa = PBXBuildFile; fileRef = 2CDE19DA2765B6B400D895B9 /* ArticleViewModel.swift */; };
		2CDE19E72765B6CC00D895B9 /* ArticleModel.swift in Sources */ = {isa = PBXBuildFile; fileRef = 2CDE19E62765B6CB00D895B9 /* ArticleModel.swift */; };
		2CDE19E92765B6D800D895B9 /* ArticleService.swift in Sources */ = {isa = PBXBuildFile; fileRef = 2CDE19E82765B6D800D895B9 /* ArticleService.swift */; };
		2CDE19ED2765B6F000D895B9 /* ProfileView.swift in Sources */ = {isa = PBXBuildFile; fileRef = 2CDE19EB2765B6F000D895B9 /* ProfileView.swift */; };
		2CDE19EE2765B6F000D895B9 /* ProfileView.xib in Resources */ = {isa = PBXBuildFile; fileRef = 2CDE19EC2765B6F000D895B9 /* ProfileView.xib */; };
		2CDE19F02765B6FA00D895B9 /* TabBarViewController.swift in Sources */ = {isa = PBXBuildFile; fileRef = 2CDE19EF2765B6FA00D895B9 /* TabBarViewController.swift */; };
		4E97F1CE2748858D00C2366D /* AppDelegate.swift in Sources */ = {isa = PBXBuildFile; fileRef = 4E97F1CD2748858D00C2366D /* AppDelegate.swift */; };
		4E97F1D02748858D00C2366D /* SceneDelegate.swift in Sources */ = {isa = PBXBuildFile; fileRef = 4E97F1CF2748858D00C2366D /* SceneDelegate.swift */; };
		4E97F1D52748858D00C2366D /* Main.storyboard in Resources */ = {isa = PBXBuildFile; fileRef = 4E97F1D32748858D00C2366D /* Main.storyboard */; };
		4E97F1D72748858F00C2366D /* Assets.xcassets in Resources */ = {isa = PBXBuildFile; fileRef = 4E97F1D62748858F00C2366D /* Assets.xcassets */; };
		4E97F1DA2748858F00C2366D /* LaunchScreen.storyboard in Resources */ = {isa = PBXBuildFile; fileRef = 4E97F1D82748858F00C2366D /* LaunchScreen.storyboard */; };
		4E97F1E52748858F00C2366D /* Alodokter_bootcampTests.swift in Sources */ = {isa = PBXBuildFile; fileRef = 4E97F1E42748858F00C2366D /* Alodokter_bootcampTests.swift */; };
		4E97F1EF2748858F00C2366D /* Alodokter_bootcampUITests.swift in Sources */ = {isa = PBXBuildFile; fileRef = 4E97F1EE2748858F00C2366D /* Alodokter_bootcampUITests.swift */; };
		4E97F1F12748858F00C2366D /* Alodokter_bootcampUITestsLaunchTests.swift in Sources */ = {isa = PBXBuildFile; fileRef = 4E97F1F02748858F00C2366D /* Alodokter_bootcampUITestsLaunchTests.swift */; };
		4E97F21327488BAB00C2366D /* UIColor.swift in Sources */ = {isa = PBXBuildFile; fileRef = 4E97F1FE27488BAA00C2366D /* UIColor.swift */; };
		4E97F21427488BAB00C2366D /* DeviceHelper.swift in Sources */ = {isa = PBXBuildFile; fileRef = 4E97F1FF27488BAA00C2366D /* DeviceHelper.swift */; };
		4E97F21527488BAB00C2366D /* Utiliy.swift in Sources */ = {isa = PBXBuildFile; fileRef = 4E97F20027488BAA00C2366D /* Utiliy.swift */; };
		4E97F21627488BAB00C2366D /* SplashScreenViewController.xib in Resources */ = {isa = PBXBuildFile; fileRef = 4E97F20327488BAA00C2366D /* SplashScreenViewController.xib */; };
		4E97F21727488BAB00C2366D /* SplashScreenViewController.swift in Sources */ = {isa = PBXBuildFile; fileRef = 4E97F20427488BAA00C2366D /* SplashScreenViewController.swift */; };
		4E97F21827488BAB00C2366D /* MainViewController.xib in Resources */ = {isa = PBXBuildFile; fileRef = 4E97F20627488BAA00C2366D /* MainViewController.xib */; };
		4E97F21927488BAB00C2366D /* MainViewController.swift in Sources */ = {isa = PBXBuildFile; fileRef = 4E97F20727488BAA00C2366D /* MainViewController.swift */; };
		4E97F21A27488BAB00C2366D /* MainViewModel.swift in Sources */ = {isa = PBXBuildFile; fileRef = 4E97F20827488BAA00C2366D /* MainViewModel.swift */; };
		4E97F21B27488BAB00C2366D /* AlbumsCell.xib in Resources */ = {isa = PBXBuildFile; fileRef = 4E97F20A27488BAA00C2366D /* AlbumsCell.xib */; };
		4E97F21C27488BAB00C2366D /* AlbumsCell.swift in Sources */ = {isa = PBXBuildFile; fileRef = 4E97F20B27488BAA00C2366D /* AlbumsCell.swift */; };
		4E97F21D27488BAB00C2366D /* DummyAlbumsModel.swift in Sources */ = {isa = PBXBuildFile; fileRef = 4E97F20D27488BAA00C2366D /* DummyAlbumsModel.swift */; };
		4E97F21E27488BAB00C2366D /* DummyAlbumsService.swift in Sources */ = {isa = PBXBuildFile; fileRef = 4E97F20F27488BAB00C2366D /* DummyAlbumsService.swift */; };
		4E97F21F27488BAB00C2366D /* BaseViewController.swift in Sources */ = {isa = PBXBuildFile; fileRef = 4E97F21127488BAB00C2366D /* BaseViewController.swift */; };
		4E97F22027488BAB00C2366D /* BaseService.swift in Sources */ = {isa = PBXBuildFile; fileRef = 4E97F21227488BAB00C2366D /* BaseService.swift */; };
		6778426BC0821FD950B0921A /* Pods_Alodokter_bootcampTests.framework in Frameworks */ = {isa = PBXBuildFile; fileRef = 381744D040FF8C533B3155AB /* Pods_Alodokter_bootcampTests.framework */; };
		8A46F6E6C05003DC0F5BD809 /* Pods_Alodokter_bootcamp_Alodokter_bootcampUITests.framework in Frameworks */ = {isa = PBXBuildFile; fileRef = 8947D88ACBB42AFDC870192F /* Pods_Alodokter_bootcamp_Alodokter_bootcampUITests.framework */; };
		FAB7B29BC482E4895EAD1233 /* Pods_Alodokter_bootcamp.framework in Frameworks */ = {isa = PBXBuildFile; fileRef = 9A1C8877C0AD54B5F4660C13 /* Pods_Alodokter_bootcamp.framework */; };
/* End PBXBuildFile section */

/* Begin PBXContainerItemProxy section */
		4E97F1E12748858F00C2366D /* PBXContainerItemProxy */ = {
			isa = PBXContainerItemProxy;
			containerPortal = 4E97F1C22748858D00C2366D /* Project object */;
			proxyType = 1;
			remoteGlobalIDString = 4E97F1C92748858D00C2366D;
			remoteInfo = Alodokter_bootcamp;
		};
		4E97F1EB2748858F00C2366D /* PBXContainerItemProxy */ = {
			isa = PBXContainerItemProxy;
			containerPortal = 4E97F1C22748858D00C2366D /* Project object */;
			proxyType = 1;
			remoteGlobalIDString = 4E97F1C92748858D00C2366D;
			remoteInfo = Alodokter_bootcamp;
		};
/* End PBXContainerItemProxy section */

/* Begin PBXFileReference section */
		0723D39FFFC9D19151A887CE /* Pods-Alodokter_bootcampTests.release.xcconfig */ = {isa = PBXFileReference; includeInIndex = 1; lastKnownFileType = text.xcconfig; name = "Pods-Alodokter_bootcampTests.release.xcconfig"; path = "Target Support Files/Pods-Alodokter_bootcampTests/Pods-Alodokter_bootcampTests.release.xcconfig"; sourceTree = "<group>"; };
		1598CDD2261946A8F0BF702D /* Pods-Alodokter_bootcamp-Alodokter_bootcampUITests.debug.xcconfig */ = {isa = PBXFileReference; includeInIndex = 1; lastKnownFileType = text.xcconfig; name = "Pods-Alodokter_bootcamp-Alodokter_bootcampUITests.debug.xcconfig"; path = "Target Support Files/Pods-Alodokter_bootcamp-Alodokter_bootcampUITests/Pods-Alodokter_bootcamp-Alodokter_bootcampUITests.debug.xcconfig"; sourceTree = "<group>"; };
		1AD78B1351395AD1E988703A /* Pods-Alodokter_bootcamp-Alodokter_bootcampUITests.release.xcconfig */ = {isa = PBXFileReference; includeInIndex = 1; lastKnownFileType = text.xcconfig; name = "Pods-Alodokter_bootcamp-Alodokter_bootcampUITests.release.xcconfig"; path = "Target Support Files/Pods-Alodokter_bootcamp-Alodokter_bootcampUITests/Pods-Alodokter_bootcamp-Alodokter_bootcampUITests.release.xcconfig"; sourceTree = "<group>"; };
		28344C9029D69F7FA96C2C4F /* Pods-Alodokter_bootcamp.release.xcconfig */ = {isa = PBXFileReference; includeInIndex = 1; lastKnownFileType = text.xcconfig; name = "Pods-Alodokter_bootcamp.release.xcconfig"; path = "Target Support Files/Pods-Alodokter_bootcamp/Pods-Alodokter_bootcamp.release.xcconfig"; sourceTree = "<group>"; };
		2C4022912765E17500149B5D /* UITextField.swift */ = {isa = PBXFileReference; fileEncoding = 4; lastKnownFileType = sourcecode.swift; path = UITextField.swift; sourceTree = "<group>"; };
		2C68A3BE275F5E71002B8997 /* ProfileHeader.xib */ = {isa = PBXFileReference; lastKnownFileType = file.xib; path = ProfileHeader.xib; sourceTree = "<group>"; };
		2C68A3C0275F623D002B8997 /* ProfileHeader.swift */ = {isa = PBXFileReference; lastKnownFileType = sourcecode.swift; path = ProfileHeader.swift; sourceTree = "<group>"; };
		2C68A3C2275F73C9002B8997 /* ProfileCard.xib */ = {isa = PBXFileReference; lastKnownFileType = file.xib; path = ProfileCard.xib; sourceTree = "<group>"; };
		2C68A3C4275F79B2002B8997 /* ProfileCard.swift */ = {isa = PBXFileReference; lastKnownFileType = sourcecode.swift; path = ProfileCard.swift; sourceTree = "<group>"; };
		2C68A3C6275F7B37002B8997 /* ProfileCardRow.xib */ = {isa = PBXFileReference; lastKnownFileType = file.xib; path = ProfileCardRow.xib; sourceTree = "<group>"; };
		2C68A3C8275F7C95002B8997 /* ProfileCardRow.swift */ = {isa = PBXFileReference; lastKnownFileType = sourcecode.swift; path = ProfileCardRow.swift; sourceTree = "<group>"; };
		2C68A3CA275F7E10002B8997 /* ProfileViewController.swift */ = {isa = PBXFileReference; lastKnownFileType = sourcecode.swift; path = ProfileViewController.swift; sourceTree = "<group>"; };
		2C68A3CC275F7E52002B8997 /* ProfileViewController.xib */ = {isa = PBXFileReference; lastKnownFileType = file.xib; path = ProfileViewController.xib; sourceTree = "<group>"; };
		2C68A3CE275FF2AA002B8997 /* SignOutButton.xib */ = {isa = PBXFileReference; lastKnownFileType = file.xib; path = SignOutButton.xib; sourceTree = "<group>"; };
		2C68A3D0275FF3BF002B8997 /* SignOutButton.swift */ = {isa = PBXFileReference; lastKnownFileType = sourcecode.swift; path = SignOutButton.swift; sourceTree = "<group>"; };
		2C68A3D427612D87002B8997 /* Nunito-SemiBold.ttf */ = {isa = PBXFileReference; lastKnownFileType = file; path = "Nunito-SemiBold.ttf"; sourceTree = "<group>"; };
		2C68A3D527612D88002B8997 /* Nunito-ExtraLight.ttf */ = {isa = PBXFileReference; lastKnownFileType = file; path = "Nunito-ExtraLight.ttf"; sourceTree = "<group>"; };
		2C68A3D627612D89002B8997 /* Nunito-ExtraLightItalic.ttf */ = {isa = PBXFileReference; lastKnownFileType = file; path = "Nunito-ExtraLightItalic.ttf"; sourceTree = "<group>"; };
		2C68A3D727612D8A002B8997 /* Nunito-Regular.ttf */ = {isa = PBXFileReference; lastKnownFileType = file; path = "Nunito-Regular.ttf"; sourceTree = "<group>"; };
		2C68A3D827612D8B002B8997 /* Nunito-ExtraBold.ttf */ = {isa = PBXFileReference; lastKnownFileType = file; path = "Nunito-ExtraBold.ttf"; sourceTree = "<group>"; };
		2C68A3D927612D8C002B8997 /* Nunito-Italic.ttf */ = {isa = PBXFileReference; lastKnownFileType = file; path = "Nunito-Italic.ttf"; sourceTree = "<group>"; };
		2C68A3DA27612D8D002B8997 /* Nunito-Bold.ttf */ = {isa = PBXFileReference; lastKnownFileType = file; path = "Nunito-Bold.ttf"; sourceTree = "<group>"; };
		2C68A3DB27612D8E002B8997 /* Nunito-BoldItalic.ttf */ = {isa = PBXFileReference; lastKnownFileType = file; path = "Nunito-BoldItalic.ttf"; sourceTree = "<group>"; };
		2C68A3DC27612D8F002B8997 /* Nunito-Medium.ttf */ = {isa = PBXFileReference; lastKnownFileType = file; path = "Nunito-Medium.ttf"; sourceTree = "<group>"; };
		2C68A3DD27612D90002B8997 /* Nunito-Black.ttf */ = {isa = PBXFileReference; lastKnownFileType = file; path = "Nunito-Black.ttf"; sourceTree = "<group>"; };
		2C68A3DE27612D91002B8997 /* Nunito-MediumItalic.ttf */ = {isa = PBXFileReference; lastKnownFileType = file; path = "Nunito-MediumItalic.ttf"; sourceTree = "<group>"; };
		2C68A3DF27612D92002B8997 /* Nunito-SemiBoldItalic.ttf */ = {isa = PBXFileReference; lastKnownFileType = file; path = "Nunito-SemiBoldItalic.ttf"; sourceTree = "<group>"; };
		2C68A3E027612D93002B8997 /* Nunito-Light.ttf */ = {isa = PBXFileReference; lastKnownFileType = file; path = "Nunito-Light.ttf"; sourceTree = "<group>"; };
		2C68A3E127612D93002B8997 /* Nunito-ExtraBoldItalic.ttf */ = {isa = PBXFileReference; lastKnownFileType = file; path = "Nunito-ExtraBoldItalic.ttf"; sourceTree = "<group>"; };
		2C68A3E227612D94002B8997 /* Nunito-LightItalic.ttf */ = {isa = PBXFileReference; lastKnownFileType = file; path = "Nunito-LightItalic.ttf"; sourceTree = "<group>"; };
		2C68A3E327612D95002B8997 /* Nunito-BlackItalic.ttf */ = {isa = PBXFileReference; lastKnownFileType = file; path = "Nunito-BlackItalic.ttf"; sourceTree = "<group>"; };
		2C68A3FE27634D5F002B8997 /* SecuredTextField.xib */ = {isa = PBXFileReference; lastKnownFileType = file.xib; path = SecuredTextField.xib; sourceTree = "<group>"; };
		2C68A40027634D94002B8997 /* LargeButton.xib */ = {isa = PBXFileReference; lastKnownFileType = file.xib; path = LargeButton.xib; sourceTree = "<group>"; };
		2C68A40227634E3C002B8997 /* SecuredTextField.swift */ = {isa = PBXFileReference; lastKnownFileType = sourcecode.swift; path = SecuredTextField.swift; sourceTree = "<group>"; };
		2C68A40427634E45002B8997 /* LargeButton.swift */ = {isa = PBXFileReference; lastKnownFileType = sourcecode.swift; path = LargeButton.swift; sourceTree = "<group>"; };
		2C68A40627635000002B8997 /* ChangePasswordViewController.swift */ = {isa = PBXFileReference; lastKnownFileType = sourcecode.swift; path = ChangePasswordViewController.swift; sourceTree = "<group>"; };
		2C68A40727635000002B8997 /* ChangePasswordViewController.xib */ = {isa = PBXFileReference; lastKnownFileType = file.xib; path = ChangePasswordViewController.xib; sourceTree = "<group>"; };
		2CDE19AF2765B67F00D895B9 /* DetailHistoryViewController.swift */ = {isa = PBXFileReference; fileEncoding = 4; lastKnownFileType = sourcecode.swift; path = DetailHistoryViewController.swift; sourceTree = "<group>"; };
		2CDE19B02765B67F00D895B9 /* DetailHistoryViewController.xib */ = {isa = PBXFileReference; fileEncoding = 4; lastKnownFileType = file.xib; path = DetailHistoryViewController.xib; sourceTree = "<group>"; };
		2CDE19B12765B67F00D895B9 /* DetailBookingHistoryViewModel.swift */ = {isa = PBXFileReference; fileEncoding = 4; lastKnownFileType = sourcecode.swift; path = DetailBookingHistoryViewModel.swift; sourceTree = "<group>"; };
		2CDE19B42765B68100D895B9 /* HistoryItemCell.swift */ = {isa = PBXFileReference; fileEncoding = 4; lastKnownFileType = sourcecode.swift; path = HistoryItemCell.swift; sourceTree = "<group>"; };
		2CDE19B52765B68100D895B9 /* HistoryItemCell.xib */ = {isa = PBXFileReference; fileEncoding = 4; lastKnownFileType = file.xib; path = HistoryItemCell.xib; sourceTree = "<group>"; };
		2CDE19B62765B68100D895B9 /* HistoryViewController.xib */ = {isa = PBXFileReference; fileEncoding = 4; lastKnownFileType = file.xib; path = HistoryViewController.xib; sourceTree = "<group>"; };
		2CDE19B72765B68100D895B9 /* HistoryViewController.swift */ = {isa = PBXFileReference; fileEncoding = 4; lastKnownFileType = sourcecode.swift; path = HistoryViewController.swift; sourceTree = "<group>"; };
		2CDE19B82765B68100D895B9 /* HistoryBookingViewModel.swift */ = {isa = PBXFileReference; fileEncoding = 4; lastKnownFileType = sourcecode.swift; path = HistoryBookingViewModel.swift; sourceTree = "<group>"; };
		2CDE19C22765B69D00D895B9 /* RegisterViewController.xib */ = {isa = PBXFileReference; fileEncoding = 4; lastKnownFileType = file.xib; path = RegisterViewController.xib; sourceTree = "<group>"; };
		2CDE19C32765B69D00D895B9 /* RegisterViewController.swift */ = {isa = PBXFileReference; fileEncoding = 4; lastKnownFileType = sourcecode.swift; path = RegisterViewController.swift; sourceTree = "<group>"; };
		2CDE19C52765B69F00D895B9 /* LoginViewController.xib */ = {isa = PBXFileReference; fileEncoding = 4; lastKnownFileType = file.xib; path = LoginViewController.xib; sourceTree = "<group>"; };
		2CDE19C62765B69F00D895B9 /* LoginViewController.swift */ = {isa = PBXFileReference; fileEncoding = 4; lastKnownFileType = sourcecode.swift; path = LoginViewController.swift; sourceTree = "<group>"; };
		2CDE19CE2765B6B400D895B9 /* ArticleAllListTableViewCell.swift */ = {isa = PBXFileReference; fileEncoding = 4; lastKnownFileType = sourcecode.swift; path = ArticleAllListTableViewCell.swift; sourceTree = "<group>"; };
		2CDE19CF2765B6B400D895B9 /* ArticleAllListCollectionViewCell.swift */ = {isa = PBXFileReference; fileEncoding = 4; lastKnownFileType = sourcecode.swift; path = ArticleAllListCollectionViewCell.swift; sourceTree = "<group>"; };
		2CDE19D02765B6B400D895B9 /* ArticleAllListCollectionViewCell.xib */ = {isa = PBXFileReference; fileEncoding = 4; lastKnownFileType = file.xib; path = ArticleAllListCollectionViewCell.xib; sourceTree = "<group>"; };
		2CDE19D12765B6B400D895B9 /* ArticleAllListTableViewCell.xib */ = {isa = PBXFileReference; fileEncoding = 4; lastKnownFileType = file.xib; path = ArticleAllListTableViewCell.xib; sourceTree = "<group>"; };
		2CDE19D22765B6B400D895B9 /* ArticleAllListViewController.xib */ = {isa = PBXFileReference; fileEncoding = 4; lastKnownFileType = file.xib; path = ArticleAllListViewController.xib; sourceTree = "<group>"; };
		2CDE19D32765B6B400D895B9 /* ArticleAllListViewController.swift */ = {isa = PBXFileReference; fileEncoding = 4; lastKnownFileType = sourcecode.swift; path = ArticleAllListViewController.swift; sourceTree = "<group>"; };
		2CDE19D52765B6B400D895B9 /* ArticleListViewController.swift */ = {isa = PBXFileReference; fileEncoding = 4; lastKnownFileType = sourcecode.swift; path = ArticleListViewController.swift; sourceTree = "<group>"; };
		2CDE19D62765B6B400D895B9 /* ArticleListViewController.xib */ = {isa = PBXFileReference; fileEncoding = 4; lastKnownFileType = file.xib; path = ArticleListViewController.xib; sourceTree = "<group>"; };
		2CDE19D82765B6B400D895B9 /* ArticleListCell.xib */ = {isa = PBXFileReference; fileEncoding = 4; lastKnownFileType = file.xib; path = ArticleListCell.xib; sourceTree = "<group>"; };
		2CDE19D92765B6B400D895B9 /* ArticleListCell.swift */ = {isa = PBXFileReference; fileEncoding = 4; lastKnownFileType = sourcecode.swift; path = ArticleListCell.swift; sourceTree = "<group>"; };
		2CDE19DA2765B6B400D895B9 /* ArticleViewModel.swift */ = {isa = PBXFileReference; fileEncoding = 4; lastKnownFileType = sourcecode.swift; path = ArticleViewModel.swift; sourceTree = "<group>"; };
		2CDE19E62765B6CB00D895B9 /* ArticleModel.swift */ = {isa = PBXFileReference; fileEncoding = 4; lastKnownFileType = sourcecode.swift; path = ArticleModel.swift; sourceTree = "<group>"; };
		2CDE19E82765B6D800D895B9 /* ArticleService.swift */ = {isa = PBXFileReference; fileEncoding = 4; lastKnownFileType = sourcecode.swift; path = ArticleService.swift; sourceTree = "<group>"; };
		2CDE19EB2765B6F000D895B9 /* ProfileView.swift */ = {isa = PBXFileReference; fileEncoding = 4; lastKnownFileType = sourcecode.swift; path = ProfileView.swift; sourceTree = "<group>"; };
		2CDE19EC2765B6F000D895B9 /* ProfileView.xib */ = {isa = PBXFileReference; fileEncoding = 4; lastKnownFileType = file.xib; path = ProfileView.xib; sourceTree = "<group>"; };
		2CDE19EF2765B6FA00D895B9 /* TabBarViewController.swift */ = {isa = PBXFileReference; fileEncoding = 4; lastKnownFileType = sourcecode.swift; path = TabBarViewController.swift; sourceTree = "<group>"; };
		2CDE1A0C2765B89100D895B9 /* ArticleDetailController.swift */ = {isa = PBXFileReference; lastKnownFileType = sourcecode.swift; path = ArticleDetailController.swift; sourceTree = "<group>"; };
		2CDE1A0D2765B89300D895B9 /* ArticleDetailCellController.swift */ = {isa = PBXFileReference; lastKnownFileType = sourcecode.swift; path = ArticleDetailCellController.swift; sourceTree = "<group>"; };
		2CDE1A0E2765B89500D895B9 /* ArticleDetailViewModel.swift */ = {isa = PBXFileReference; lastKnownFileType = sourcecode.swift; path = ArticleDetailViewModel.swift; sourceTree = "<group>"; };
		2CDE1A0F2765B89600D895B9 /* ArticleDetailViewCell.xib */ = {isa = PBXFileReference; lastKnownFileType = file.xib; path = ArticleDetailViewCell.xib; sourceTree = "<group>"; };
		2CDE1A102765B89800D895B9 /* PasswordResetView.xib */ = {isa = PBXFileReference; lastKnownFileType = file.xib; path = PasswordResetView.xib; sourceTree = "<group>"; };
		2CDE1A112765B89A00D895B9 /* ArticleDetailView.xib */ = {isa = PBXFileReference; lastKnownFileType = file.xib; path = ArticleDetailView.xib; sourceTree = "<group>"; };
		381744D040FF8C533B3155AB /* Pods_Alodokter_bootcampTests.framework */ = {isa = PBXFileReference; explicitFileType = wrapper.framework; includeInIndex = 0; path = Pods_Alodokter_bootcampTests.framework; sourceTree = BUILT_PRODUCTS_DIR; };
		44D1D72584417F3B8420172F /* Pods-Alodokter_bootcamp.debug.xcconfig */ = {isa = PBXFileReference; includeInIndex = 1; lastKnownFileType = text.xcconfig; name = "Pods-Alodokter_bootcamp.debug.xcconfig"; path = "Target Support Files/Pods-Alodokter_bootcamp/Pods-Alodokter_bootcamp.debug.xcconfig"; sourceTree = "<group>"; };
		4E97F1CA2748858D00C2366D /* Alodokter_bootcamp.app */ = {isa = PBXFileReference; explicitFileType = wrapper.application; includeInIndex = 0; path = Alodokter_bootcamp.app; sourceTree = BUILT_PRODUCTS_DIR; };
		4E97F1CD2748858D00C2366D /* AppDelegate.swift */ = {isa = PBXFileReference; lastKnownFileType = sourcecode.swift; path = AppDelegate.swift; sourceTree = "<group>"; };
		4E97F1CF2748858D00C2366D /* SceneDelegate.swift */ = {isa = PBXFileReference; lastKnownFileType = sourcecode.swift; path = SceneDelegate.swift; sourceTree = "<group>"; };
		4E97F1D42748858D00C2366D /* Base */ = {isa = PBXFileReference; lastKnownFileType = file.storyboard; name = Base; path = Base.lproj/Main.storyboard; sourceTree = "<group>"; };
		4E97F1D62748858F00C2366D /* Assets.xcassets */ = {isa = PBXFileReference; lastKnownFileType = folder.assetcatalog; path = Assets.xcassets; sourceTree = "<group>"; };
		4E97F1D92748858F00C2366D /* Base */ = {isa = PBXFileReference; lastKnownFileType = file.storyboard; name = Base; path = Base.lproj/LaunchScreen.storyboard; sourceTree = "<group>"; };
		4E97F1DB2748858F00C2366D /* Info.plist */ = {isa = PBXFileReference; lastKnownFileType = text.plist.xml; path = Info.plist; sourceTree = "<group>"; };
		4E97F1E02748858F00C2366D /* Alodokter_bootcampTests.xctest */ = {isa = PBXFileReference; explicitFileType = wrapper.cfbundle; includeInIndex = 0; path = Alodokter_bootcampTests.xctest; sourceTree = BUILT_PRODUCTS_DIR; };
		4E97F1E42748858F00C2366D /* Alodokter_bootcampTests.swift */ = {isa = PBXFileReference; lastKnownFileType = sourcecode.swift; path = Alodokter_bootcampTests.swift; sourceTree = "<group>"; };
		4E97F1EA2748858F00C2366D /* Alodokter_bootcampUITests.xctest */ = {isa = PBXFileReference; explicitFileType = wrapper.cfbundle; includeInIndex = 0; path = Alodokter_bootcampUITests.xctest; sourceTree = BUILT_PRODUCTS_DIR; };
		4E97F1EE2748858F00C2366D /* Alodokter_bootcampUITests.swift */ = {isa = PBXFileReference; lastKnownFileType = sourcecode.swift; path = Alodokter_bootcampUITests.swift; sourceTree = "<group>"; };
		4E97F1F02748858F00C2366D /* Alodokter_bootcampUITestsLaunchTests.swift */ = {isa = PBXFileReference; lastKnownFileType = sourcecode.swift; path = Alodokter_bootcampUITestsLaunchTests.swift; sourceTree = "<group>"; };
		4E97F1FE27488BAA00C2366D /* UIColor.swift */ = {isa = PBXFileReference; fileEncoding = 4; lastKnownFileType = sourcecode.swift; path = UIColor.swift; sourceTree = "<group>"; };
		4E97F1FF27488BAA00C2366D /* DeviceHelper.swift */ = {isa = PBXFileReference; fileEncoding = 4; lastKnownFileType = sourcecode.swift; path = DeviceHelper.swift; sourceTree = "<group>"; };
		4E97F20027488BAA00C2366D /* Utiliy.swift */ = {isa = PBXFileReference; fileEncoding = 4; lastKnownFileType = sourcecode.swift; path = Utiliy.swift; sourceTree = "<group>"; };
		4E97F20327488BAA00C2366D /* SplashScreenViewController.xib */ = {isa = PBXFileReference; fileEncoding = 4; lastKnownFileType = file.xib; path = SplashScreenViewController.xib; sourceTree = "<group>"; };
		4E97F20427488BAA00C2366D /* SplashScreenViewController.swift */ = {isa = PBXFileReference; fileEncoding = 4; lastKnownFileType = sourcecode.swift; path = SplashScreenViewController.swift; sourceTree = "<group>"; };
		4E97F20627488BAA00C2366D /* MainViewController.xib */ = {isa = PBXFileReference; fileEncoding = 4; lastKnownFileType = file.xib; path = MainViewController.xib; sourceTree = "<group>"; };
		4E97F20727488BAA00C2366D /* MainViewController.swift */ = {isa = PBXFileReference; fileEncoding = 4; lastKnownFileType = sourcecode.swift; path = MainViewController.swift; sourceTree = "<group>"; };
		4E97F20827488BAA00C2366D /* MainViewModel.swift */ = {isa = PBXFileReference; fileEncoding = 4; lastKnownFileType = sourcecode.swift; path = MainViewModel.swift; sourceTree = "<group>"; };
		4E97F20A27488BAA00C2366D /* AlbumsCell.xib */ = {isa = PBXFileReference; fileEncoding = 4; lastKnownFileType = file.xib; path = AlbumsCell.xib; sourceTree = "<group>"; };
		4E97F20B27488BAA00C2366D /* AlbumsCell.swift */ = {isa = PBXFileReference; fileEncoding = 4; lastKnownFileType = sourcecode.swift; path = AlbumsCell.swift; sourceTree = "<group>"; };
		4E97F20D27488BAA00C2366D /* DummyAlbumsModel.swift */ = {isa = PBXFileReference; fileEncoding = 4; lastKnownFileType = sourcecode.swift; path = DummyAlbumsModel.swift; sourceTree = "<group>"; };
		4E97F20F27488BAB00C2366D /* DummyAlbumsService.swift */ = {isa = PBXFileReference; fileEncoding = 4; lastKnownFileType = sourcecode.swift; path = DummyAlbumsService.swift; sourceTree = "<group>"; };
		4E97F21127488BAB00C2366D /* BaseViewController.swift */ = {isa = PBXFileReference; fileEncoding = 4; lastKnownFileType = sourcecode.swift; path = BaseViewController.swift; sourceTree = "<group>"; };
		4E97F21227488BAB00C2366D /* BaseService.swift */ = {isa = PBXFileReference; fileEncoding = 4; lastKnownFileType = sourcecode.swift; path = BaseService.swift; sourceTree = "<group>"; };
		8947D88ACBB42AFDC870192F /* Pods_Alodokter_bootcamp_Alodokter_bootcampUITests.framework */ = {isa = PBXFileReference; explicitFileType = wrapper.framework; includeInIndex = 0; path = Pods_Alodokter_bootcamp_Alodokter_bootcampUITests.framework; sourceTree = BUILT_PRODUCTS_DIR; };
		9A1C8877C0AD54B5F4660C13 /* Pods_Alodokter_bootcamp.framework */ = {isa = PBXFileReference; explicitFileType = wrapper.framework; includeInIndex = 0; path = Pods_Alodokter_bootcamp.framework; sourceTree = BUILT_PRODUCTS_DIR; };
		F8E618D3DF91A64C2A1C5B95 /* Pods-Alodokter_bootcampTests.debug.xcconfig */ = {isa = PBXFileReference; includeInIndex = 1; lastKnownFileType = text.xcconfig; name = "Pods-Alodokter_bootcampTests.debug.xcconfig"; path = "Target Support Files/Pods-Alodokter_bootcampTests/Pods-Alodokter_bootcampTests.debug.xcconfig"; sourceTree = "<group>"; };
/* End PBXFileReference section */

/* Begin PBXFrameworksBuildPhase section */
		4E97F1C72748858D00C2366D /* Frameworks */ = {
			isa = PBXFrameworksBuildPhase;
			buildActionMask = 2147483647;
			files = (
				FAB7B29BC482E4895EAD1233 /* Pods_Alodokter_bootcamp.framework in Frameworks */,
			);
			runOnlyForDeploymentPostprocessing = 0;
		};
		4E97F1DD2748858F00C2366D /* Frameworks */ = {
			isa = PBXFrameworksBuildPhase;
			buildActionMask = 2147483647;
			files = (
				6778426BC0821FD950B0921A /* Pods_Alodokter_bootcampTests.framework in Frameworks */,
			);
			runOnlyForDeploymentPostprocessing = 0;
		};
		4E97F1E72748858F00C2366D /* Frameworks */ = {
			isa = PBXFrameworksBuildPhase;
			buildActionMask = 2147483647;
			files = (
				8A46F6E6C05003DC0F5BD809 /* Pods_Alodokter_bootcamp_Alodokter_bootcampUITests.framework in Frameworks */,
			);
			runOnlyForDeploymentPostprocessing = 0;
		};
/* End PBXFrameworksBuildPhase section */

/* Begin PBXGroup section */
		2C68A3BD275F5985002B8997 /* ProfileView */ = {
			isa = PBXGroup;
			children = (
				2C68A3F427613D16002B8997 /* Views */,
				2C68A3F527613D37002B8997 /* Controllers */,
			);
			path = ProfileView;
			sourceTree = "<group>";
		};
		2C68A3D227612CFC002B8997 /* Theme */ = {
			isa = PBXGroup;
			children = (
				2C68A3D327612D55002B8997 /* Font */,
			);
			path = Theme;
			sourceTree = "<group>";
		};
		2C68A3D327612D55002B8997 /* Font */ = {
			isa = PBXGroup;
			children = (
				2C68A3DD27612D90002B8997 /* Nunito-Black.ttf */,
				2C68A3E327612D95002B8997 /* Nunito-BlackItalic.ttf */,
				2C68A3DA27612D8D002B8997 /* Nunito-Bold.ttf */,
				2C68A3DB27612D8E002B8997 /* Nunito-BoldItalic.ttf */,
				2C68A3D827612D8B002B8997 /* Nunito-ExtraBold.ttf */,
				2C68A3E127612D93002B8997 /* Nunito-ExtraBoldItalic.ttf */,
				2C68A3D527612D88002B8997 /* Nunito-ExtraLight.ttf */,
				2C68A3D627612D89002B8997 /* Nunito-ExtraLightItalic.ttf */,
				2C68A3D927612D8C002B8997 /* Nunito-Italic.ttf */,
				2C68A3E027612D93002B8997 /* Nunito-Light.ttf */,
				2C68A3E227612D94002B8997 /* Nunito-LightItalic.ttf */,
				2C68A3DC27612D8F002B8997 /* Nunito-Medium.ttf */,
				2C68A3DE27612D91002B8997 /* Nunito-MediumItalic.ttf */,
				2C68A3D727612D8A002B8997 /* Nunito-Regular.ttf */,
				2C68A3D427612D87002B8997 /* Nunito-SemiBold.ttf */,
				2C68A3DF27612D92002B8997 /* Nunito-SemiBoldItalic.ttf */,
			);
			path = Font;
			sourceTree = "<group>";
		};
		2C68A3F427613D16002B8997 /* Views */ = {
			isa = PBXGroup;
			children = (
				2C68A3CC275F7E52002B8997 /* ProfileViewController.xib */,
				2C68A3BE275F5E71002B8997 /* ProfileHeader.xib */,
				2C68A3C2275F73C9002B8997 /* ProfileCard.xib */,
				2C68A3C6275F7B37002B8997 /* ProfileCardRow.xib */,
				2C68A3CE275FF2AA002B8997 /* SignOutButton.xib */,
			);
			path = Views;
			sourceTree = "<group>";
		};
		2C68A3F527613D37002B8997 /* Controllers */ = {
			isa = PBXGroup;
			children = (
				2C68A3CA275F7E10002B8997 /* ProfileViewController.swift */,
				2C68A3C0275F623D002B8997 /* ProfileHeader.swift */,
				2C68A3C4275F79B2002B8997 /* ProfileCard.swift */,
				2C68A3C8275F7C95002B8997 /* ProfileCardRow.swift */,
				2C68A3D0275FF3BF002B8997 /* SignOutButton.swift */,
			);
			path = Controllers;
			sourceTree = "<group>";
		};
		2C68A3FB27621BC1002B8997 /* ChangePassword */ = {
			isa = PBXGroup;
			children = (
				2C68A3FC27634D2B002B8997 /* Views */,
				2C68A3FD27634D36002B8997 /* Controllers */,
			);
			path = ChangePassword;
			sourceTree = "<group>";
		};
		2C68A3FC27634D2B002B8997 /* Views */ = {
			isa = PBXGroup;
			children = (
				2C68A40727635000002B8997 /* ChangePasswordViewController.xib */,
				2C68A3FE27634D5F002B8997 /* SecuredTextField.xib */,
				2C68A40027634D94002B8997 /* LargeButton.xib */,
			);
			path = Views;
			sourceTree = "<group>";
		};
		2C68A3FD27634D36002B8997 /* Controllers */ = {
			isa = PBXGroup;
			children = (
				2C68A40627635000002B8997 /* ChangePasswordViewController.swift */,
				2C68A40227634E3C002B8997 /* SecuredTextField.swift */,
				2C68A40427634E45002B8997 /* LargeButton.swift */,
			);
			path = Controllers;
			sourceTree = "<group>";
		};
		2CDE19AE2765B67F00D895B9 /* DetailHistory */ = {
			isa = PBXGroup;
			children = (
				2CDE19AF2765B67F00D895B9 /* DetailHistoryViewController.swift */,
				2CDE19B02765B67F00D895B9 /* DetailHistoryViewController.xib */,
				2CDE19B12765B67F00D895B9 /* DetailBookingHistoryViewModel.swift */,
			);
			path = DetailHistory;
			sourceTree = "<group>";
		};
		2CDE19B22765B68100D895B9 /* History */ = {
			isa = PBXGroup;
			children = (
				2CDE19B32765B68100D895B9 /* HistoryCell */,
				2CDE19B62765B68100D895B9 /* HistoryViewController.xib */,
				2CDE19B72765B68100D895B9 /* HistoryViewController.swift */,
				2CDE19B82765B68100D895B9 /* HistoryBookingViewModel.swift */,
			);
			path = History;
			sourceTree = "<group>";
		};
		2CDE19B32765B68100D895B9 /* HistoryCell */ = {
			isa = PBXGroup;
			children = (
				2CDE19B42765B68100D895B9 /* HistoryItemCell.swift */,
				2CDE19B52765B68100D895B9 /* HistoryItemCell.xib */,
			);
			path = HistoryCell;
			sourceTree = "<group>";
		};
		2CDE19C12765B69D00D895B9 /* SignUp */ = {
			isa = PBXGroup;
			children = (
				2CDE19C22765B69D00D895B9 /* RegisterViewController.xib */,
				2CDE19C32765B69D00D895B9 /* RegisterViewController.swift */,
			);
			path = SignUp;
			sourceTree = "<group>";
		};
		2CDE19C42765B69F00D895B9 /* SignIn */ = {
			isa = PBXGroup;
			children = (
				2CDE19C52765B69F00D895B9 /* LoginViewController.xib */,
				2CDE19C62765B69F00D895B9 /* LoginViewController.swift */,
			);
			path = SignIn;
			sourceTree = "<group>";
		};
		2CDE19CB2765B6B400D895B9 /* ArticleListView */ = {
			isa = PBXGroup;
			children = (
				2CDE19CC2765B6B400D895B9 /* ArticleAllListView */,
				2CDE19D42765B6B400D895B9 /* ArticleListView */,
				2CDE19DA2765B6B400D895B9 /* ArticleViewModel.swift */,
			);
			path = ArticleListView;
			sourceTree = "<group>";
		};
		2CDE19CC2765B6B400D895B9 /* ArticleAllListView */ = {
			isa = PBXGroup;
			children = (
				2CDE19CD2765B6B400D895B9 /* ArticleAllListCell */,
				2CDE19D22765B6B400D895B9 /* ArticleAllListViewController.xib */,
				2CDE19D32765B6B400D895B9 /* ArticleAllListViewController.swift */,
			);
			path = ArticleAllListView;
			sourceTree = "<group>";
		};
		2CDE19CD2765B6B400D895B9 /* ArticleAllListCell */ = {
			isa = PBXGroup;
			children = (
				2CDE19CE2765B6B400D895B9 /* ArticleAllListTableViewCell.swift */,
				2CDE19CF2765B6B400D895B9 /* ArticleAllListCollectionViewCell.swift */,
				2CDE19D02765B6B400D895B9 /* ArticleAllListCollectionViewCell.xib */,
				2CDE19D12765B6B400D895B9 /* ArticleAllListTableViewCell.xib */,
			);
			path = ArticleAllListCell;
			sourceTree = "<group>";
		};
		2CDE19D42765B6B400D895B9 /* ArticleListView */ = {
			isa = PBXGroup;
			children = (
				2CDE19D52765B6B400D895B9 /* ArticleListViewController.swift */,
				2CDE19D62765B6B400D895B9 /* ArticleListViewController.xib */,
				2CDE19D72765B6B400D895B9 /* ArticleListCell */,
			);
			path = ArticleListView;
			sourceTree = "<group>";
		};
		2CDE19D72765B6B400D895B9 /* ArticleListCell */ = {
			isa = PBXGroup;
			children = (
				2CDE19D82765B6B400D895B9 /* ArticleListCell.xib */,
				2CDE19D92765B6B400D895B9 /* ArticleListCell.swift */,
			);
			path = ArticleListCell;
			sourceTree = "<group>";
		};
		2CDE19EA2765B6F000D895B9 /* ProfileView */ = {
			isa = PBXGroup;
			children = (
				2CDE19EB2765B6F000D895B9 /* ProfileView.swift */,
				2CDE19EC2765B6F000D895B9 /* ProfileView.xib */,
			);
			path = ProfileView;
			sourceTree = "<group>";
		};
		2CDE1A0B2765B89000D895B9 /* PasswordSetting */ = {
			isa = PBXGroup;
			children = (
				2CDE1A0C2765B89100D895B9 /* ArticleDetailController.swift */,
				2CDE1A0E2765B89500D895B9 /* ArticleDetailViewModel.swift */,
				2CDE1A0D2765B89300D895B9 /* ArticleDetailCellController.swift */,
				2CDE1A102765B89800D895B9 /* PasswordResetView.xib */,
				2CDE1A0F2765B89600D895B9 /* ArticleDetailViewCell.xib */,
				2CDE1A112765B89A00D895B9 /* ArticleDetailView.xib */,
			);
			path = PasswordSetting;
			sourceTree = "<group>";
		};
		4E97F1C12748858D00C2366D = {
			isa = PBXGroup;
			children = (
				4E97F1CC2748858D00C2366D /* Alodokter_bootcamp */,
				4E97F1E32748858F00C2366D /* Alodokter_bootcampTests */,
				4E97F1ED2748858F00C2366D /* Alodokter_bootcampUITests */,
				4E97F1CB2748858D00C2366D /* Products */,
				79DC3765A9DDCDAC0C607DE7 /* Pods */,
				D29C455D0EB5B2BA2B5C0B31 /* Frameworks */,
			);
			sourceTree = "<group>";
		};
		4E97F1CB2748858D00C2366D /* Products */ = {
			isa = PBXGroup;
			children = (
				4E97F1CA2748858D00C2366D /* Alodokter_bootcamp.app */,
				4E97F1E02748858F00C2366D /* Alodokter_bootcampTests.xctest */,
				4E97F1EA2748858F00C2366D /* Alodokter_bootcampUITests.xctest */,
			);
			name = Products;
			sourceTree = "<group>";
		};
		4E97F1CC2748858D00C2366D /* Alodokter_bootcamp */ = {
			isa = PBXGroup;
			children = (
				2C68A3D227612CFC002B8997 /* Theme */,
				4E97F21027488BAB00C2366D /* Base */,
				4E97F20127488BAA00C2366D /* Feature */,
				4E97F1FD27488BAA00C2366D /* Helper */,
				4E97F20C27488BAA00C2366D /* Model */,
				4E97F20E27488BAB00C2366D /* Service */,
				4E97F1CD2748858D00C2366D /* AppDelegate.swift */,
				4E97F1CF2748858D00C2366D /* SceneDelegate.swift */,
				4E97F1D32748858D00C2366D /* Main.storyboard */,
				4E97F1D62748858F00C2366D /* Assets.xcassets */,
				4E97F1D82748858F00C2366D /* LaunchScreen.storyboard */,
				4E97F1DB2748858F00C2366D /* Info.plist */,
			);
			path = Alodokter_bootcamp;
			sourceTree = "<group>";
		};
		4E97F1E32748858F00C2366D /* Alodokter_bootcampTests */ = {
			isa = PBXGroup;
			children = (
				4E97F1E42748858F00C2366D /* Alodokter_bootcampTests.swift */,
			);
			path = Alodokter_bootcampTests;
			sourceTree = "<group>";
		};
		4E97F1ED2748858F00C2366D /* Alodokter_bootcampUITests */ = {
			isa = PBXGroup;
			children = (
				4E97F1EE2748858F00C2366D /* Alodokter_bootcampUITests.swift */,
				4E97F1F02748858F00C2366D /* Alodokter_bootcampUITestsLaunchTests.swift */,
			);
			path = Alodokter_bootcampUITests;
			sourceTree = "<group>";
		};
		4E97F1FD27488BAA00C2366D /* Helper */ = {
			isa = PBXGroup;
			children = (
				4E97F1FE27488BAA00C2366D /* UIColor.swift */,
				2C4022912765E17500149B5D /* UITextField.swift */,
				4E97F1FF27488BAA00C2366D /* DeviceHelper.swift */,
				4E97F20027488BAA00C2366D /* Utiliy.swift */,
			);
			path = Helper;
			sourceTree = SOURCE_ROOT;
		};
		4E97F20127488BAA00C2366D /* Feature */ = {
			isa = PBXGroup;
			children = (
				4E97F20227488BAA00C2366D /* SplashScreen */,
				2CDE19C42765B69F00D895B9 /* SignIn */,
				2CDE19C12765B69D00D895B9 /* SignUp */,
				4E97F20527488BAA00C2366D /* MainView */,
				2CDE19CB2765B6B400D895B9 /* ArticleListView */,
				2CDE1A0B2765B89000D895B9 /* PasswordSetting */,
				2CDE19B22765B68100D895B9 /* History */,
				2CDE19AE2765B67F00D895B9 /* DetailHistory */,
				2C68A3BD275F5985002B8997 /* ProfileView */,
				2C68A3FB27621BC1002B8997 /* ChangePassword */,
			);
			path = Feature;
			sourceTree = SOURCE_ROOT;
		};
		4E97F20227488BAA00C2366D /* SplashScreen */ = {
			isa = PBXGroup;
			children = (
				4E97F20327488BAA00C2366D /* SplashScreenViewController.xib */,
				4E97F20427488BAA00C2366D /* SplashScreenViewController.swift */,
			);
			path = SplashScreen;
			sourceTree = "<group>";
		};
		4E97F20527488BAA00C2366D /* MainView */ = {
			isa = PBXGroup;
			children = (
				4E97F20627488BAA00C2366D /* MainViewController.xib */,
				4E97F20727488BAA00C2366D /* MainViewController.swift */,
				4E97F20827488BAA00C2366D /* MainViewModel.swift */,
				4E97F20927488BAA00C2366D /* CustomView */,
			);
			path = MainView;
			sourceTree = "<group>";
		};
		4E97F20927488BAA00C2366D /* CustomView */ = {
			isa = PBXGroup;
			children = (
				4E97F20A27488BAA00C2366D /* AlbumsCell.xib */,
				4E97F20B27488BAA00C2366D /* AlbumsCell.swift */,
			);
			path = CustomView;
			sourceTree = "<group>";
		};
		4E97F20C27488BAA00C2366D /* Model */ = {
			isa = PBXGroup;
			children = (
				2CDE19E62765B6CB00D895B9 /* ArticleModel.swift */,
				4E97F20D27488BAA00C2366D /* DummyAlbumsModel.swift */,
			);
			path = Model;
			sourceTree = SOURCE_ROOT;
		};
		4E97F20E27488BAB00C2366D /* Service */ = {
			isa = PBXGroup;
			children = (
				2CDE19E82765B6D800D895B9 /* ArticleService.swift */,
				4E97F20F27488BAB00C2366D /* DummyAlbumsService.swift */,
			);
			path = Service;
			sourceTree = SOURCE_ROOT;
		};
		4E97F21027488BAB00C2366D /* Base */ = {
			isa = PBXGroup;
			children = (
				2CDE19EA2765B6F000D895B9 /* ProfileView */,
				4E97F21127488BAB00C2366D /* BaseViewController.swift */,
				4E97F21227488BAB00C2366D /* BaseService.swift */,
				2CDE19EF2765B6FA00D895B9 /* TabBarViewController.swift */,
			);
			path = Base;
			sourceTree = SOURCE_ROOT;
		};
		79DC3765A9DDCDAC0C607DE7 /* Pods */ = {
			isa = PBXGroup;
			children = (
				44D1D72584417F3B8420172F /* Pods-Alodokter_bootcamp.debug.xcconfig */,
				28344C9029D69F7FA96C2C4F /* Pods-Alodokter_bootcamp.release.xcconfig */,
				1598CDD2261946A8F0BF702D /* Pods-Alodokter_bootcamp-Alodokter_bootcampUITests.debug.xcconfig */,
				1AD78B1351395AD1E988703A /* Pods-Alodokter_bootcamp-Alodokter_bootcampUITests.release.xcconfig */,
				F8E618D3DF91A64C2A1C5B95 /* Pods-Alodokter_bootcampTests.debug.xcconfig */,
				0723D39FFFC9D19151A887CE /* Pods-Alodokter_bootcampTests.release.xcconfig */,
			);
			path = Pods;
			sourceTree = "<group>";
		};
		D29C455D0EB5B2BA2B5C0B31 /* Frameworks */ = {
			isa = PBXGroup;
			children = (
				9A1C8877C0AD54B5F4660C13 /* Pods_Alodokter_bootcamp.framework */,
				8947D88ACBB42AFDC870192F /* Pods_Alodokter_bootcamp_Alodokter_bootcampUITests.framework */,
				381744D040FF8C533B3155AB /* Pods_Alodokter_bootcampTests.framework */,
			);
			name = Frameworks;
			sourceTree = "<group>";
		};
/* End PBXGroup section */

/* Begin PBXNativeTarget section */
		4E97F1C92748858D00C2366D /* Alodokter_bootcamp */ = {
			isa = PBXNativeTarget;
			buildConfigurationList = 4E97F1F42748858F00C2366D /* Build configuration list for PBXNativeTarget "Alodokter_bootcamp" */;
			buildPhases = (
				FC8700CCAB52942ACB5E21D9 /* [CP] Check Pods Manifest.lock */,
				4E97F1C62748858D00C2366D /* Sources */,
				4E97F1C72748858D00C2366D /* Frameworks */,
				4E97F1C82748858D00C2366D /* Resources */,
				1E3A02D065E9F576C93FAAD7 /* [CP] Embed Pods Frameworks */,
			);
			buildRules = (
			);
			dependencies = (
			);
			name = Alodokter_bootcamp;
			productName = Alodokter_bootcamp;
			productReference = 4E97F1CA2748858D00C2366D /* Alodokter_bootcamp.app */;
			productType = "com.apple.product-type.application";
		};
		4E97F1DF2748858F00C2366D /* Alodokter_bootcampTests */ = {
			isa = PBXNativeTarget;
			buildConfigurationList = 4E97F1F72748858F00C2366D /* Build configuration list for PBXNativeTarget "Alodokter_bootcampTests" */;
			buildPhases = (
				C6FE97893E8C672CC3A890F3 /* [CP] Check Pods Manifest.lock */,
				4E97F1DC2748858F00C2366D /* Sources */,
				4E97F1DD2748858F00C2366D /* Frameworks */,
				4E97F1DE2748858F00C2366D /* Resources */,
			);
			buildRules = (
			);
			dependencies = (
				4E97F1E22748858F00C2366D /* PBXTargetDependency */,
			);
			name = Alodokter_bootcampTests;
			productName = Alodokter_bootcampTests;
			productReference = 4E97F1E02748858F00C2366D /* Alodokter_bootcampTests.xctest */;
			productType = "com.apple.product-type.bundle.unit-test";
		};
		4E97F1E92748858F00C2366D /* Alodokter_bootcampUITests */ = {
			isa = PBXNativeTarget;
			buildConfigurationList = 4E97F1FA2748858F00C2366D /* Build configuration list for PBXNativeTarget "Alodokter_bootcampUITests" */;
			buildPhases = (
				2875ECC95CE5735F8F8155A8 /* [CP] Check Pods Manifest.lock */,
				4E97F1E62748858F00C2366D /* Sources */,
				4E97F1E72748858F00C2366D /* Frameworks */,
				4E97F1E82748858F00C2366D /* Resources */,
				0F5597AF837FAB54C2E4BFFD /* [CP] Embed Pods Frameworks */,
			);
			buildRules = (
			);
			dependencies = (
				4E97F1EC2748858F00C2366D /* PBXTargetDependency */,
			);
			name = Alodokter_bootcampUITests;
			productName = Alodokter_bootcampUITests;
			productReference = 4E97F1EA2748858F00C2366D /* Alodokter_bootcampUITests.xctest */;
			productType = "com.apple.product-type.bundle.ui-testing";
		};
/* End PBXNativeTarget section */

/* Begin PBXProject section */
		4E97F1C22748858D00C2366D /* Project object */ = {
			isa = PBXProject;
			attributes = {
				BuildIndependentTargetsInParallel = 1;
				LastSwiftUpdateCheck = 1300;
				LastUpgradeCheck = 1300;
				TargetAttributes = {
					4E97F1C92748858D00C2366D = {
						CreatedOnToolsVersion = 13.0;
					};
					4E97F1DF2748858F00C2366D = {
						CreatedOnToolsVersion = 13.0;
						TestTargetID = 4E97F1C92748858D00C2366D;
					};
					4E97F1E92748858F00C2366D = {
						CreatedOnToolsVersion = 13.0;
						TestTargetID = 4E97F1C92748858D00C2366D;
					};
				};
			};
			buildConfigurationList = 4E97F1C52748858D00C2366D /* Build configuration list for PBXProject "Alodokter_bootcamp" */;
			compatibilityVersion = "Xcode 13.0";
			developmentRegion = en;
			hasScannedForEncodings = 0;
			knownRegions = (
				en,
				Base,
			);
			mainGroup = 4E97F1C12748858D00C2366D;
			productRefGroup = 4E97F1CB2748858D00C2366D /* Products */;
			projectDirPath = "";
			projectRoot = "";
			targets = (
				4E97F1C92748858D00C2366D /* Alodokter_bootcamp */,
				4E97F1DF2748858F00C2366D /* Alodokter_bootcampTests */,
				4E97F1E92748858F00C2366D /* Alodokter_bootcampUITests */,
			);
		};
/* End PBXProject section */

/* Begin PBXResourcesBuildPhase section */
		4E97F1C82748858D00C2366D /* Resources */ = {
			isa = PBXResourcesBuildPhase;
			buildActionMask = 2147483647;
			files = (
				2C68A3E727612D96002B8997 /* Nunito-Regular.ttf in Resources */,
				2C68A3F327612D96002B8997 /* Nunito-BlackItalic.ttf in Resources */,
				2C68A3E427612D96002B8997 /* Nunito-SemiBold.ttf in Resources */,
				4E97F1DA2748858F00C2366D /* LaunchScreen.storyboard in Resources */,
				2CDE19E32765B6B400D895B9 /* ArticleListCell.xib in Resources */,
				4E97F21627488BAB00C2366D /* SplashScreenViewController.xib in Resources */,
				2CDE19C92765B69F00D895B9 /* LoginViewController.xib in Resources */,
				2CDE19DF2765B6B400D895B9 /* ArticleAllListViewController.xib in Resources */,
				2CDE19EE2765B6F000D895B9 /* ProfileView.xib in Resources */,
				2CDE19BE2765B68200D895B9 /* HistoryViewController.xib in Resources */,
				2CDE19BD2765B68200D895B9 /* HistoryItemCell.xib in Resources */,
				2C68A3FF27634D5F002B8997 /* SecuredTextField.xib in Resources */,
				2CDE19DD2765B6B400D895B9 /* ArticleAllListCollectionViewCell.xib in Resources */,
				2C68A3EC27612D96002B8997 /* Nunito-Medium.ttf in Resources */,
				2C68A3EA27612D96002B8997 /* Nunito-Bold.ttf in Resources */,
				2C68A3EE27612D96002B8997 /* Nunito-MediumItalic.ttf in Resources */,
				2C68A40127634D94002B8997 /* LargeButton.xib in Resources */,
				2C68A3C7275F7B37002B8997 /* ProfileCardRow.xib in Resources */,
				2C68A3F227612D96002B8997 /* Nunito-LightItalic.ttf in Resources */,
				4E97F21827488BAB00C2366D /* MainViewController.xib in Resources */,
				2CDE19E22765B6B400D895B9 /* ArticleListViewController.xib in Resources */,
				2CDE19C72765B69F00D895B9 /* RegisterViewController.xib in Resources */,
				2C68A3ED27612D96002B8997 /* Nunito-Black.ttf in Resources */,
				2C68A3C3275F73C9002B8997 /* ProfileCard.xib in Resources */,
				2CDE19BA2765B68200D895B9 /* DetailHistoryViewController.xib in Resources */,
				2C68A3EF27612D96002B8997 /* Nunito-SemiBoldItalic.ttf in Resources */,
				2C68A3BF275F5E71002B8997 /* ProfileHeader.xib in Resources */,
				2C68A3E627612D96002B8997 /* Nunito-ExtraLightItalic.ttf in Resources */,
				2C68A3F027612D96002B8997 /* Nunito-Light.ttf in Resources */,
				2C68A3EB27612D96002B8997 /* Nunito-BoldItalic.ttf in Resources */,
				4E97F21B27488BAB00C2366D /* AlbumsCell.xib in Resources */,
				2C68A3CF275FF2AB002B8997 /* SignOutButton.xib in Resources */,
				2C68A40927635000002B8997 /* ChangePasswordViewController.xib in Resources */,
				4E97F1D72748858F00C2366D /* Assets.xcassets in Resources */,
				2C68A3CD275F7E52002B8997 /* ProfileViewController.xib in Resources */,
				4E97F1D52748858D00C2366D /* Main.storyboard in Resources */,
				2CDE19DE2765B6B400D895B9 /* ArticleAllListTableViewCell.xib in Resources */,
				2C68A3F127612D96002B8997 /* Nunito-ExtraBoldItalic.ttf in Resources */,
				2C68A3E527612D96002B8997 /* Nunito-ExtraLight.ttf in Resources */,
				2C68A3E827612D96002B8997 /* Nunito-ExtraBold.ttf in Resources */,
				2C68A3E927612D96002B8997 /* Nunito-Italic.ttf in Resources */,
			);
			runOnlyForDeploymentPostprocessing = 0;
		};
		4E97F1DE2748858F00C2366D /* Resources */ = {
			isa = PBXResourcesBuildPhase;
			buildActionMask = 2147483647;
			files = (
			);
			runOnlyForDeploymentPostprocessing = 0;
		};
		4E97F1E82748858F00C2366D /* Resources */ = {
			isa = PBXResourcesBuildPhase;
			buildActionMask = 2147483647;
			files = (
			);
			runOnlyForDeploymentPostprocessing = 0;
		};
/* End PBXResourcesBuildPhase section */

/* Begin PBXShellScriptBuildPhase section */
		0F5597AF837FAB54C2E4BFFD /* [CP] Embed Pods Frameworks */ = {
			isa = PBXShellScriptBuildPhase;
			buildActionMask = 2147483647;
			files = (
			);
			inputFileListPaths = (
				"${PODS_ROOT}/Target Support Files/Pods-Alodokter_bootcamp-Alodokter_bootcampUITests/Pods-Alodokter_bootcamp-Alodokter_bootcampUITests-frameworks-${CONFIGURATION}-input-files.xcfilelist",
			);
			name = "[CP] Embed Pods Frameworks";
			outputFileListPaths = (
				"${PODS_ROOT}/Target Support Files/Pods-Alodokter_bootcamp-Alodokter_bootcampUITests/Pods-Alodokter_bootcamp-Alodokter_bootcampUITests-frameworks-${CONFIGURATION}-output-files.xcfilelist",
			);
			runOnlyForDeploymentPostprocessing = 0;
			shellPath = /bin/sh;
			shellScript = "\"${PODS_ROOT}/Target Support Files/Pods-Alodokter_bootcamp-Alodokter_bootcampUITests/Pods-Alodokter_bootcamp-Alodokter_bootcampUITests-frameworks.sh\"\n";
			showEnvVarsInLog = 0;
		};
		1E3A02D065E9F576C93FAAD7 /* [CP] Embed Pods Frameworks */ = {
			isa = PBXShellScriptBuildPhase;
			buildActionMask = 2147483647;
			files = (
			);
			inputFileListPaths = (
				"${PODS_ROOT}/Target Support Files/Pods-Alodokter_bootcamp/Pods-Alodokter_bootcamp-frameworks-${CONFIGURATION}-input-files.xcfilelist",
			);
			name = "[CP] Embed Pods Frameworks";
			outputFileListPaths = (
				"${PODS_ROOT}/Target Support Files/Pods-Alodokter_bootcamp/Pods-Alodokter_bootcamp-frameworks-${CONFIGURATION}-output-files.xcfilelist",
			);
			runOnlyForDeploymentPostprocessing = 0;
			shellPath = /bin/sh;
			shellScript = "\"${PODS_ROOT}/Target Support Files/Pods-Alodokter_bootcamp/Pods-Alodokter_bootcamp-frameworks.sh\"\n";
			showEnvVarsInLog = 0;
		};
		2875ECC95CE5735F8F8155A8 /* [CP] Check Pods Manifest.lock */ = {
			isa = PBXShellScriptBuildPhase;
			buildActionMask = 2147483647;
			files = (
			);
			inputFileListPaths = (
			);
			inputPaths = (
				"${PODS_PODFILE_DIR_PATH}/Podfile.lock",
				"${PODS_ROOT}/Manifest.lock",
			);
			name = "[CP] Check Pods Manifest.lock";
			outputFileListPaths = (
			);
			outputPaths = (
				"$(DERIVED_FILE_DIR)/Pods-Alodokter_bootcamp-Alodokter_bootcampUITests-checkManifestLockResult.txt",
			);
			runOnlyForDeploymentPostprocessing = 0;
			shellPath = /bin/sh;
			shellScript = "diff \"${PODS_PODFILE_DIR_PATH}/Podfile.lock\" \"${PODS_ROOT}/Manifest.lock\" > /dev/null\nif [ $? != 0 ] ; then\n    # print error to STDERR\n    echo \"error: The sandbox is not in sync with the Podfile.lock. Run 'pod install' or update your CocoaPods installation.\" >&2\n    exit 1\nfi\n# This output is used by Xcode 'outputs' to avoid re-running this script phase.\necho \"SUCCESS\" > \"${SCRIPT_OUTPUT_FILE_0}\"\n";
			showEnvVarsInLog = 0;
		};
		C6FE97893E8C672CC3A890F3 /* [CP] Check Pods Manifest.lock */ = {
			isa = PBXShellScriptBuildPhase;
			buildActionMask = 2147483647;
			files = (
			);
			inputFileListPaths = (
			);
			inputPaths = (
				"${PODS_PODFILE_DIR_PATH}/Podfile.lock",
				"${PODS_ROOT}/Manifest.lock",
			);
			name = "[CP] Check Pods Manifest.lock";
			outputFileListPaths = (
			);
			outputPaths = (
				"$(DERIVED_FILE_DIR)/Pods-Alodokter_bootcampTests-checkManifestLockResult.txt",
			);
			runOnlyForDeploymentPostprocessing = 0;
			shellPath = /bin/sh;
			shellScript = "diff \"${PODS_PODFILE_DIR_PATH}/Podfile.lock\" \"${PODS_ROOT}/Manifest.lock\" > /dev/null\nif [ $? != 0 ] ; then\n    # print error to STDERR\n    echo \"error: The sandbox is not in sync with the Podfile.lock. Run 'pod install' or update your CocoaPods installation.\" >&2\n    exit 1\nfi\n# This output is used by Xcode 'outputs' to avoid re-running this script phase.\necho \"SUCCESS\" > \"${SCRIPT_OUTPUT_FILE_0}\"\n";
			showEnvVarsInLog = 0;
		};
		FC8700CCAB52942ACB5E21D9 /* [CP] Check Pods Manifest.lock */ = {
			isa = PBXShellScriptBuildPhase;
			buildActionMask = 2147483647;
			files = (
			);
			inputFileListPaths = (
			);
			inputPaths = (
				"${PODS_PODFILE_DIR_PATH}/Podfile.lock",
				"${PODS_ROOT}/Manifest.lock",
			);
			name = "[CP] Check Pods Manifest.lock";
			outputFileListPaths = (
			);
			outputPaths = (
				"$(DERIVED_FILE_DIR)/Pods-Alodokter_bootcamp-checkManifestLockResult.txt",
			);
			runOnlyForDeploymentPostprocessing = 0;
			shellPath = /bin/sh;
			shellScript = "diff \"${PODS_PODFILE_DIR_PATH}/Podfile.lock\" \"${PODS_ROOT}/Manifest.lock\" > /dev/null\nif [ $? != 0 ] ; then\n    # print error to STDERR\n    echo \"error: The sandbox is not in sync with the Podfile.lock. Run 'pod install' or update your CocoaPods installation.\" >&2\n    exit 1\nfi\n# This output is used by Xcode 'outputs' to avoid re-running this script phase.\necho \"SUCCESS\" > \"${SCRIPT_OUTPUT_FILE_0}\"\n";
			showEnvVarsInLog = 0;
		};
/* End PBXShellScriptBuildPhase section */

/* Begin PBXSourcesBuildPhase section */
		4E97F1C62748858D00C2366D /* Sources */ = {
			isa = PBXSourcesBuildPhase;
			buildActionMask = 2147483647;
			files = (
				4E97F21F27488BAB00C2366D /* BaseViewController.swift in Sources */,
				4E97F21D27488BAB00C2366D /* DummyAlbumsModel.swift in Sources */,
				2CDE19E92765B6D800D895B9 /* ArticleService.swift in Sources */,
				2CDE19E12765B6B400D895B9 /* ArticleListViewController.swift in Sources */,
				2C68A3C9275F7C95002B8997 /* ProfileCardRow.swift in Sources */,
				2C4022922765E17500149B5D /* UITextField.swift in Sources */,
				4E97F21327488BAB00C2366D /* UIColor.swift in Sources */,
				2CDE19CA2765B69F00D895B9 /* LoginViewController.swift in Sources */,
				2CDE19DB2765B6B400D895B9 /* ArticleAllListTableViewCell.swift in Sources */,
				4E97F22027488BAB00C2366D /* BaseService.swift in Sources */,
				2CDE19F02765B6FA00D895B9 /* TabBarViewController.swift in Sources */,
				4E97F21727488BAB00C2366D /* SplashScreenViewController.swift in Sources */,
				2CDE19E72765B6CC00D895B9 /* ArticleModel.swift in Sources */,
				2CDE19E02765B6B400D895B9 /* ArticleAllListViewController.swift in Sources */,
				2C68A40827635000002B8997 /* ChangePasswordViewController.swift in Sources */,
				2CDE19BB2765B68200D895B9 /* DetailBookingHistoryViewModel.swift in Sources */,
				2C68A3C5275F79B2002B8997 /* ProfileCard.swift in Sources */,
				2CDE19ED2765B6F000D895B9 /* ProfileView.swift in Sources */,
				2C68A3CB275F7E10002B8997 /* ProfileViewController.swift in Sources */,
				4E97F21E27488BAB00C2366D /* DummyAlbumsService.swift in Sources */,
				2C68A3D1275FF3BF002B8997 /* SignOutButton.swift in Sources */,
				4E97F21427488BAB00C2366D /* DeviceHelper.swift in Sources */,
				2CDE19C02765B68200D895B9 /* HistoryBookingViewModel.swift in Sources */,
				2C68A40527634E45002B8997 /* LargeButton.swift in Sources */,
				2C68A3C1275F623D002B8997 /* ProfileHeader.swift in Sources */,
				4E97F1CE2748858D00C2366D /* AppDelegate.swift in Sources */,
				2CDE19BF2765B68200D895B9 /* HistoryViewController.swift in Sources */,
				2CDE19BC2765B68200D895B9 /* HistoryItemCell.swift in Sources */,
				4E97F21C27488BAB00C2366D /* AlbumsCell.swift in Sources */,
				2CDE19B92765B68200D895B9 /* DetailHistoryViewController.swift in Sources */,
				2CDE19DC2765B6B400D895B9 /* ArticleAllListCollectionViewCell.swift in Sources */,
				4E97F1D02748858D00C2366D /* SceneDelegate.swift in Sources */,
				2CDE19C82765B69F00D895B9 /* RegisterViewController.swift in Sources */,
				2C68A40327634E3C002B8997 /* SecuredTextField.swift in Sources */,
				4E97F21527488BAB00C2366D /* Utiliy.swift in Sources */,
				4E97F21927488BAB00C2366D /* MainViewController.swift in Sources */,
				2CDE19E42765B6B400D895B9 /* ArticleListCell.swift in Sources */,
				2CDE19E52765B6B400D895B9 /* ArticleViewModel.swift in Sources */,
				4E97F21A27488BAB00C2366D /* MainViewModel.swift in Sources */,
			);
			runOnlyForDeploymentPostprocessing = 0;
		};
		4E97F1DC2748858F00C2366D /* Sources */ = {
			isa = PBXSourcesBuildPhase;
			buildActionMask = 2147483647;
			files = (
				4E97F1E52748858F00C2366D /* Alodokter_bootcampTests.swift in Sources */,
			);
			runOnlyForDeploymentPostprocessing = 0;
		};
		4E97F1E62748858F00C2366D /* Sources */ = {
			isa = PBXSourcesBuildPhase;
			buildActionMask = 2147483647;
			files = (
				4E97F1EF2748858F00C2366D /* Alodokter_bootcampUITests.swift in Sources */,
				4E97F1F12748858F00C2366D /* Alodokter_bootcampUITestsLaunchTests.swift in Sources */,
			);
			runOnlyForDeploymentPostprocessing = 0;
		};
/* End PBXSourcesBuildPhase section */

/* Begin PBXTargetDependency section */
		4E97F1E22748858F00C2366D /* PBXTargetDependency */ = {
			isa = PBXTargetDependency;
			target = 4E97F1C92748858D00C2366D /* Alodokter_bootcamp */;
			targetProxy = 4E97F1E12748858F00C2366D /* PBXContainerItemProxy */;
		};
		4E97F1EC2748858F00C2366D /* PBXTargetDependency */ = {
			isa = PBXTargetDependency;
			target = 4E97F1C92748858D00C2366D /* Alodokter_bootcamp */;
			targetProxy = 4E97F1EB2748858F00C2366D /* PBXContainerItemProxy */;
		};
/* End PBXTargetDependency section */

/* Begin PBXVariantGroup section */
		4E97F1D32748858D00C2366D /* Main.storyboard */ = {
			isa = PBXVariantGroup;
			children = (
				4E97F1D42748858D00C2366D /* Base */,
			);
			name = Main.storyboard;
			sourceTree = "<group>";
		};
		4E97F1D82748858F00C2366D /* LaunchScreen.storyboard */ = {
			isa = PBXVariantGroup;
			children = (
				4E97F1D92748858F00C2366D /* Base */,
			);
			name = LaunchScreen.storyboard;
			sourceTree = "<group>";
		};
/* End PBXVariantGroup section */

/* Begin XCBuildConfiguration section */
		4E97F1F22748858F00C2366D /* Debug */ = {
			isa = XCBuildConfiguration;
			buildSettings = {
				ALWAYS_SEARCH_USER_PATHS = NO;
				CLANG_ANALYZER_NONNULL = YES;
				CLANG_ANALYZER_NUMBER_OBJECT_CONVERSION = YES_AGGRESSIVE;
				CLANG_CXX_LANGUAGE_STANDARD = "gnu++17";
				CLANG_CXX_LIBRARY = "libc++";
				CLANG_ENABLE_MODULES = YES;
				CLANG_ENABLE_OBJC_ARC = YES;
				CLANG_ENABLE_OBJC_WEAK = YES;
				CLANG_WARN_BLOCK_CAPTURE_AUTORELEASING = YES;
				CLANG_WARN_BOOL_CONVERSION = YES;
				CLANG_WARN_COMMA = YES;
				CLANG_WARN_CONSTANT_CONVERSION = YES;
				CLANG_WARN_DEPRECATED_OBJC_IMPLEMENTATIONS = YES;
				CLANG_WARN_DIRECT_OBJC_ISA_USAGE = YES_ERROR;
				CLANG_WARN_DOCUMENTATION_COMMENTS = YES;
				CLANG_WARN_EMPTY_BODY = YES;
				CLANG_WARN_ENUM_CONVERSION = YES;
				CLANG_WARN_INFINITE_RECURSION = YES;
				CLANG_WARN_INT_CONVERSION = YES;
				CLANG_WARN_NON_LITERAL_NULL_CONVERSION = YES;
				CLANG_WARN_OBJC_IMPLICIT_RETAIN_SELF = YES;
				CLANG_WARN_OBJC_LITERAL_CONVERSION = YES;
				CLANG_WARN_OBJC_ROOT_CLASS = YES_ERROR;
				CLANG_WARN_QUOTED_INCLUDE_IN_FRAMEWORK_HEADER = YES;
				CLANG_WARN_RANGE_LOOP_ANALYSIS = YES;
				CLANG_WARN_STRICT_PROTOTYPES = YES;
				CLANG_WARN_SUSPICIOUS_MOVE = YES;
				CLANG_WARN_UNGUARDED_AVAILABILITY = YES_AGGRESSIVE;
				CLANG_WARN_UNREACHABLE_CODE = YES;
				CLANG_WARN__DUPLICATE_METHOD_MATCH = YES;
				COPY_PHASE_STRIP = NO;
				DEBUG_INFORMATION_FORMAT = dwarf;
				ENABLE_STRICT_OBJC_MSGSEND = YES;
				ENABLE_TESTABILITY = YES;
				GCC_C_LANGUAGE_STANDARD = gnu11;
				GCC_DYNAMIC_NO_PIC = NO;
				GCC_NO_COMMON_BLOCKS = YES;
				GCC_OPTIMIZATION_LEVEL = 0;
				GCC_PREPROCESSOR_DEFINITIONS = (
					"DEBUG=1",
					"$(inherited)",
				);
				GCC_WARN_64_TO_32_BIT_CONVERSION = YES;
				GCC_WARN_ABOUT_RETURN_TYPE = YES_ERROR;
				GCC_WARN_UNDECLARED_SELECTOR = YES;
				GCC_WARN_UNINITIALIZED_AUTOS = YES_AGGRESSIVE;
				GCC_WARN_UNUSED_FUNCTION = YES;
				GCC_WARN_UNUSED_VARIABLE = YES;
				IPHONEOS_DEPLOYMENT_TARGET = 12.1;
				MTL_ENABLE_DEBUG_INFO = INCLUDE_SOURCE;
				MTL_FAST_MATH = YES;
				ONLY_ACTIVE_ARCH = YES;
				SDKROOT = iphoneos;
				SWIFT_ACTIVE_COMPILATION_CONDITIONS = DEBUG;
				SWIFT_OPTIMIZATION_LEVEL = "-Onone";
			};
			name = Debug;
		};
		4E97F1F32748858F00C2366D /* Release */ = {
			isa = XCBuildConfiguration;
			buildSettings = {
				ALWAYS_SEARCH_USER_PATHS = NO;
				CLANG_ANALYZER_NONNULL = YES;
				CLANG_ANALYZER_NUMBER_OBJECT_CONVERSION = YES_AGGRESSIVE;
				CLANG_CXX_LANGUAGE_STANDARD = "gnu++17";
				CLANG_CXX_LIBRARY = "libc++";
				CLANG_ENABLE_MODULES = YES;
				CLANG_ENABLE_OBJC_ARC = YES;
				CLANG_ENABLE_OBJC_WEAK = YES;
				CLANG_WARN_BLOCK_CAPTURE_AUTORELEASING = YES;
				CLANG_WARN_BOOL_CONVERSION = YES;
				CLANG_WARN_COMMA = YES;
				CLANG_WARN_CONSTANT_CONVERSION = YES;
				CLANG_WARN_DEPRECATED_OBJC_IMPLEMENTATIONS = YES;
				CLANG_WARN_DIRECT_OBJC_ISA_USAGE = YES_ERROR;
				CLANG_WARN_DOCUMENTATION_COMMENTS = YES;
				CLANG_WARN_EMPTY_BODY = YES;
				CLANG_WARN_ENUM_CONVERSION = YES;
				CLANG_WARN_INFINITE_RECURSION = YES;
				CLANG_WARN_INT_CONVERSION = YES;
				CLANG_WARN_NON_LITERAL_NULL_CONVERSION = YES;
				CLANG_WARN_OBJC_IMPLICIT_RETAIN_SELF = YES;
				CLANG_WARN_OBJC_LITERAL_CONVERSION = YES;
				CLANG_WARN_OBJC_ROOT_CLASS = YES_ERROR;
				CLANG_WARN_QUOTED_INCLUDE_IN_FRAMEWORK_HEADER = YES;
				CLANG_WARN_RANGE_LOOP_ANALYSIS = YES;
				CLANG_WARN_STRICT_PROTOTYPES = YES;
				CLANG_WARN_SUSPICIOUS_MOVE = YES;
				CLANG_WARN_UNGUARDED_AVAILABILITY = YES_AGGRESSIVE;
				CLANG_WARN_UNREACHABLE_CODE = YES;
				CLANG_WARN__DUPLICATE_METHOD_MATCH = YES;
				COPY_PHASE_STRIP = NO;
				DEBUG_INFORMATION_FORMAT = "dwarf-with-dsym";
				ENABLE_NS_ASSERTIONS = NO;
				ENABLE_STRICT_OBJC_MSGSEND = YES;
				GCC_C_LANGUAGE_STANDARD = gnu11;
				GCC_NO_COMMON_BLOCKS = YES;
				GCC_WARN_64_TO_32_BIT_CONVERSION = YES;
				GCC_WARN_ABOUT_RETURN_TYPE = YES_ERROR;
				GCC_WARN_UNDECLARED_SELECTOR = YES;
				GCC_WARN_UNINITIALIZED_AUTOS = YES_AGGRESSIVE;
				GCC_WARN_UNUSED_FUNCTION = YES;
				GCC_WARN_UNUSED_VARIABLE = YES;
				IPHONEOS_DEPLOYMENT_TARGET = 12.1;
				MTL_ENABLE_DEBUG_INFO = NO;
				MTL_FAST_MATH = YES;
				SDKROOT = iphoneos;
				SWIFT_COMPILATION_MODE = wholemodule;
				SWIFT_OPTIMIZATION_LEVEL = "-O";
				VALIDATE_PRODUCT = YES;
			};
			name = Release;
		};
		4E97F1F52748858F00C2366D /* Debug */ = {
			isa = XCBuildConfiguration;
			baseConfigurationReference = 44D1D72584417F3B8420172F /* Pods-Alodokter_bootcamp.debug.xcconfig */;
			buildSettings = {
				ASSETCATALOG_COMPILER_APPICON_NAME = AppIcon;
				ASSETCATALOG_COMPILER_GLOBAL_ACCENT_COLOR_NAME = AccentColor;
				CODE_SIGN_STYLE = Automatic;
				CURRENT_PROJECT_VERSION = 1;
				DEVELOPMENT_TEAM = QWVAEMBXMM;
				GENERATE_INFOPLIST_FILE = YES;
				INFOPLIST_FILE = Alodokter_bootcamp/Info.plist;
				INFOPLIST_KEY_UIApplicationSupportsIndirectInputEvents = YES;
				INFOPLIST_KEY_UILaunchStoryboardName = LaunchScreen;
				INFOPLIST_KEY_UIMainStoryboardFile = Main;
				INFOPLIST_KEY_UISupportedInterfaceOrientations_iPad = "UIInterfaceOrientationPortrait UIInterfaceOrientationPortraitUpsideDown UIInterfaceOrientationLandscapeLeft UIInterfaceOrientationLandscapeRight";
				INFOPLIST_KEY_UISupportedInterfaceOrientations_iPhone = "UIInterfaceOrientationPortrait UIInterfaceOrientationLandscapeLeft UIInterfaceOrientationLandscapeRight";
				LD_RUNPATH_SEARCH_PATHS = (
					"$(inherited)",
					"@executable_path/Frameworks",
				);
				MARKETING_VERSION = 1.0;
				PRODUCT_BUNDLE_IDENTIFIER = "com.alodokter.ios-bootcamp";
				PRODUCT_NAME = "$(TARGET_NAME)";
				SWIFT_EMIT_LOC_STRINGS = YES;
				SWIFT_VERSION = 5.0;
				TARGETED_DEVICE_FAMILY = "1,2";
			};
			name = Debug;
		};
		4E97F1F62748858F00C2366D /* Release */ = {
			isa = XCBuildConfiguration;
			baseConfigurationReference = 28344C9029D69F7FA96C2C4F /* Pods-Alodokter_bootcamp.release.xcconfig */;
			buildSettings = {
				ASSETCATALOG_COMPILER_APPICON_NAME = AppIcon;
				ASSETCATALOG_COMPILER_GLOBAL_ACCENT_COLOR_NAME = AccentColor;
				CODE_SIGN_STYLE = Automatic;
				CURRENT_PROJECT_VERSION = 1;
				DEVELOPMENT_TEAM = QWVAEMBXMM;
				GENERATE_INFOPLIST_FILE = YES;
				INFOPLIST_FILE = Alodokter_bootcamp/Info.plist;
				INFOPLIST_KEY_UIApplicationSupportsIndirectInputEvents = YES;
				INFOPLIST_KEY_UILaunchStoryboardName = LaunchScreen;
				INFOPLIST_KEY_UIMainStoryboardFile = Main;
				INFOPLIST_KEY_UISupportedInterfaceOrientations_iPad = "UIInterfaceOrientationPortrait UIInterfaceOrientationPortraitUpsideDown UIInterfaceOrientationLandscapeLeft UIInterfaceOrientationLandscapeRight";
				INFOPLIST_KEY_UISupportedInterfaceOrientations_iPhone = "UIInterfaceOrientationPortrait UIInterfaceOrientationLandscapeLeft UIInterfaceOrientationLandscapeRight";
				LD_RUNPATH_SEARCH_PATHS = (
					"$(inherited)",
					"@executable_path/Frameworks",
				);
				MARKETING_VERSION = 1.0;
				PRODUCT_BUNDLE_IDENTIFIER = "com.alodokter.ios-bootcamp";
				PRODUCT_NAME = "$(TARGET_NAME)";
				SWIFT_EMIT_LOC_STRINGS = YES;
				SWIFT_VERSION = 5.0;
				TARGETED_DEVICE_FAMILY = "1,2";
			};
			name = Release;
		};
		4E97F1F82748858F00C2366D /* Debug */ = {
			isa = XCBuildConfiguration;
			baseConfigurationReference = F8E618D3DF91A64C2A1C5B95 /* Pods-Alodokter_bootcampTests.debug.xcconfig */;
			buildSettings = {
				ALWAYS_EMBED_SWIFT_STANDARD_LIBRARIES = YES;
				BUNDLE_LOADER = "$(TEST_HOST)";
				CODE_SIGN_STYLE = Automatic;
				CURRENT_PROJECT_VERSION = 1;
				GENERATE_INFOPLIST_FILE = YES;
				IPHONEOS_DEPLOYMENT_TARGET = 15.0;
				LD_RUNPATH_SEARCH_PATHS = (
					"$(inherited)",
					"@executable_path/Frameworks",
					"@loader_path/Frameworks",
				);
				MARKETING_VERSION = 1.0;
				PRODUCT_BUNDLE_IDENTIFIER = "com.alodokter.ios-bootcamp.Alodokter-bootcampTests";
				PRODUCT_NAME = "$(TARGET_NAME)";
				SWIFT_EMIT_LOC_STRINGS = NO;
				SWIFT_VERSION = 5.0;
				TARGETED_DEVICE_FAMILY = "1,2";
				TEST_HOST = "$(BUILT_PRODUCTS_DIR)/Alodokter_bootcamp.app/Alodokter_bootcamp";
			};
			name = Debug;
		};
		4E97F1F92748858F00C2366D /* Release */ = {
			isa = XCBuildConfiguration;
			baseConfigurationReference = 0723D39FFFC9D19151A887CE /* Pods-Alodokter_bootcampTests.release.xcconfig */;
			buildSettings = {
				ALWAYS_EMBED_SWIFT_STANDARD_LIBRARIES = YES;
				BUNDLE_LOADER = "$(TEST_HOST)";
				CODE_SIGN_STYLE = Automatic;
				CURRENT_PROJECT_VERSION = 1;
				GENERATE_INFOPLIST_FILE = YES;
				IPHONEOS_DEPLOYMENT_TARGET = 15.0;
				LD_RUNPATH_SEARCH_PATHS = (
					"$(inherited)",
					"@executable_path/Frameworks",
					"@loader_path/Frameworks",
				);
				MARKETING_VERSION = 1.0;
				PRODUCT_BUNDLE_IDENTIFIER = "com.alodokter.ios-bootcamp.Alodokter-bootcampTests";
				PRODUCT_NAME = "$(TARGET_NAME)";
				SWIFT_EMIT_LOC_STRINGS = NO;
				SWIFT_VERSION = 5.0;
				TARGETED_DEVICE_FAMILY = "1,2";
				TEST_HOST = "$(BUILT_PRODUCTS_DIR)/Alodokter_bootcamp.app/Alodokter_bootcamp";
			};
			name = Release;
		};
		4E97F1FB2748858F00C2366D /* Debug */ = {
			isa = XCBuildConfiguration;
			baseConfigurationReference = 1598CDD2261946A8F0BF702D /* Pods-Alodokter_bootcamp-Alodokter_bootcampUITests.debug.xcconfig */;
			buildSettings = {
				ALWAYS_EMBED_SWIFT_STANDARD_LIBRARIES = YES;
				CODE_SIGN_STYLE = Automatic;
				CURRENT_PROJECT_VERSION = 1;
				GENERATE_INFOPLIST_FILE = YES;
				LD_RUNPATH_SEARCH_PATHS = (
					"$(inherited)",
					"@executable_path/Frameworks",
					"@loader_path/Frameworks",
				);
				MARKETING_VERSION = 1.0;
				PRODUCT_BUNDLE_IDENTIFIER = "com.alodokter.ios-bootcamp.Alodokter-bootcampUITests";
				PRODUCT_NAME = "$(TARGET_NAME)";
				SWIFT_EMIT_LOC_STRINGS = NO;
				SWIFT_VERSION = 5.0;
				TARGETED_DEVICE_FAMILY = "1,2";
				TEST_TARGET_NAME = Alodokter_bootcamp;
			};
			name = Debug;
		};
		4E97F1FC2748858F00C2366D /* Release */ = {
			isa = XCBuildConfiguration;
			baseConfigurationReference = 1AD78B1351395AD1E988703A /* Pods-Alodokter_bootcamp-Alodokter_bootcampUITests.release.xcconfig */;
			buildSettings = {
				ALWAYS_EMBED_SWIFT_STANDARD_LIBRARIES = YES;
				CODE_SIGN_STYLE = Automatic;
				CURRENT_PROJECT_VERSION = 1;
				GENERATE_INFOPLIST_FILE = YES;
				LD_RUNPATH_SEARCH_PATHS = (
					"$(inherited)",
					"@executable_path/Frameworks",
					"@loader_path/Frameworks",
				);
				MARKETING_VERSION = 1.0;
				PRODUCT_BUNDLE_IDENTIFIER = "com.alodokter.ios-bootcamp.Alodokter-bootcampUITests";
				PRODUCT_NAME = "$(TARGET_NAME)";
				SWIFT_EMIT_LOC_STRINGS = NO;
				SWIFT_VERSION = 5.0;
				TARGETED_DEVICE_FAMILY = "1,2";
				TEST_TARGET_NAME = Alodokter_bootcamp;
			};
			name = Release;
		};
/* End XCBuildConfiguration section */

/* Begin XCConfigurationList section */
		4E97F1C52748858D00C2366D /* Build configuration list for PBXProject "Alodokter_bootcamp" */ = {
			isa = XCConfigurationList;
			buildConfigurations = (
				4E97F1F22748858F00C2366D /* Debug */,
				4E97F1F32748858F00C2366D /* Release */,
			);
			defaultConfigurationIsVisible = 0;
			defaultConfigurationName = Release;
		};
		4E97F1F42748858F00C2366D /* Build configuration list for PBXNativeTarget "Alodokter_bootcamp" */ = {
			isa = XCConfigurationList;
			buildConfigurations = (
				4E97F1F52748858F00C2366D /* Debug */,
				4E97F1F62748858F00C2366D /* Release */,
			);
			defaultConfigurationIsVisible = 0;
			defaultConfigurationName = Release;
		};
		4E97F1F72748858F00C2366D /* Build configuration list for PBXNativeTarget "Alodokter_bootcampTests" */ = {
			isa = XCConfigurationList;
			buildConfigurations = (
				4E97F1F82748858F00C2366D /* Debug */,
				4E97F1F92748858F00C2366D /* Release */,
			);
			defaultConfigurationIsVisible = 0;
			defaultConfigurationName = Release;
		};
		4E97F1FA2748858F00C2366D /* Build configuration list for PBXNativeTarget "Alodokter_bootcampUITests" */ = {
			isa = XCConfigurationList;
			buildConfigurations = (
				4E97F1FB2748858F00C2366D /* Debug */,
				4E97F1FC2748858F00C2366D /* Release */,
			);
			defaultConfigurationIsVisible = 0;
			defaultConfigurationName = Release;
		};
/* End XCConfigurationList section */
	};
	rootObject = 4E97F1C22748858D00C2366D /* Project object */;
}
